
Microsoft Visual Studio Solution File, Format Version 11.00
# Visual Studio 2010
Project("{FAE04EC0-301F-11D3-BF4B-00C04F79EFBC}") = "UsbClientSP_43", "UsbClientSP\UsbClientSP_43\UsbClientSP_43.csproj", "{77722b79-e47d-441d-82e1-aaca584d8384}"
EndProject
Project("{FAE04EC0-301F-11D3-BF4B-00C04F79EFBC}") = "UsbClientSP_42", "UsbClientSP\UsbClientSP_42\UsbClientSP_42.csproj", "{4DCBE9FA-EDC5-480F-A4F1-077D7286354C}"
EndProject
Project("{FAE04EC0-301F-11D3-BF4B-00C04F79EFBC}") = "UsbClientSP", "UsbClientSP\UsbClientSP\UsbClientSP.csproj", "{2007CDEA-E9A3-42E9-8C9B-9947024AD34F}"
EndProject
Global
	GlobalSection(SolutionConfigurationPlatforms) = preSolution
		Debug|Any CPU = Debug|Any CPU
		Release|Any CPU = Release|Any CPU
	EndGlobalSection
	GlobalSection(ProjectConfigurationPlatforms) = postSolution
		{4DCBE9FA-EDC5-480F-A4F1-077D7286354C}.Debug|Any CPU.ActiveCfg = Debug|Any CPU
		{4DCBE9FA-EDC5-480F-A4F1-077D7286354C}.Debug|Any CPU.Build.0 = Debug|Any CPU
		{4DCBE9FA-EDC5-480F-A4F1-077D7286354C}.Release|Any CPU.ActiveCfg = Release|Any CPU
		{4DCBE9FA-EDC5-480F-A4F1-077D7286354C}.Release|Any CPU.Build.0 = Release|Any CPU
		{2007CDEA-E9A3-42E9-8C9B-9947024AD34F}.Debug|Any CPU.ActiveCfg = Debug|Any CPU
		{2007CDEA-E9A3-42E9-8C9B-9947024AD34F}.Debug|Any CPU.Build.0 = Debug|Any CPU
		{2007CDEA-E9A3-42E9-8C9B-9947024AD34F}.Release|Any CPU.ActiveCfg = Release|Any CPU
		{2007CDEA-E9A3-42E9-8C9B-9947024AD34F}.Release|Any CPU.Build.0 = Release|Any CPU
		{77722b79-e47d-441d-82e1-aaca584d8384}.Debug|Any CPU.ActiveCfg = Debug|Any CPU
		{77722b79-e47d-441d-82e1-aaca584d8384}.Debug|Any CPU.Build.0 = Debug|Any CPU
		{77722b79-e47d-441d-82e1-aaca584d8384}.Release|Any CPU.ActiveCfg = Release|Any CPU
		{77722b79-e47d-441d-82e1-aaca584d8384}.Release|Any CPU.Build.0 = Release|Any CPU
	EndGlobalSection
	GlobalSection(SolutionProperties) = preSolution
		HideSolutionNode = FALSE
	EndGlobalSection
EndGlobal
