
Microsoft Visual Studio Solution File, Format Version 12.00
# Visual Studio Express 2012 for Windows Desktop
Project("{e70bcbec-50ca-48ef-aa44-41077677b9f8}") = "ParallelCNC", "ParallelCNC\ParallelCNC.csproj", "{4c6a0e77-2359-4852-a350-30656cee58b6}"
EndProject
Project("{e70bcbec-50ca-48ef-aa44-41077677b9f8}") = "ParallelCNC_42", "ParallelCNC_42\ParallelCNC_42.csproj", "{3945e34f-8711-443e-90a9-2d25cdc9d59f}"
EndProject
Global
	GlobalSection(SolutionConfigurationPlatforms) = preSolution
		Debug|Any CPU = Debug|Any CPU
		Release|Any CPU = Release|Any CPU
	EndGlobalSection
	GlobalSection(ProjectConfigurationPlatforms) = postSolution
		{4c6a0e77-2359-4852-a350-30656cee58b6}.Debug|Any CPU.ActiveCfg = Debug|Any CPU
		{4c6a0e77-2359-4852-a350-30656cee58b6}.Debug|Any CPU.Build.0 = Debug|Any CPU
		{4c6a0e77-2359-4852-a350-30656cee58b6}.Release|Any CPU.ActiveCfg = Release|Any CPU
		{4c6a0e77-2359-4852-a350-30656cee58b6}.Release|Any CPU.Build.0 = Release|Any CPU
		{3945e34f-8711-443e-90a9-2d25cdc9d59f}.Debug|Any CPU.ActiveCfg = Debug|Any CPU
		{3945e34f-8711-443e-90a9-2d25cdc9d59f}.Debug|Any CPU.Build.0 = Debug|Any CPU
		{3945e34f-8711-443e-90a9-2d25cdc9d59f}.Release|Any CPU.ActiveCfg = Release|Any CPU
		{3945e34f-8711-443e-90a9-2d25cdc9d59f}.Release|Any CPU.Build.0 = Release|Any CPU
	EndGlobalSection
	GlobalSection(SolutionProperties) = preSolution
		HideSolutionNode = FALSE
	EndGlobalSection
EndGlobal
