
Microsoft Visual Studio Solution File, Format Version 11.00
# Visual Studio 2010
Project("{FAE04EC0-301F-11D3-BF4B-00C04F79EFBC}") = "Accel_G248_43", "Accel G248\Accel_G248_43\Accel_G248_43.csproj", "{be982e7b-789d-4a72-938e-1d5715c59fa4}"
EndProject
Project("{FAE04EC0-301F-11D3-BF4B-00C04F79EFBC}") = "Accel_G248_42", "Accel G248\Accel_G248_42\Accel_G248_42.csproj", "{D7E59EC9-92D0-48D3-A941-20BBF2F6AFF4}"
EndProject
Project("{FAE04EC0-301F-11D3-BF4B-00C04F79EFBC}") = "Accel_G248", "Accel G248\Accel_G248\Accel_G248.csproj", "{1E34909D-7AB3-4EA9-A4B3-1B08F777B0A6}"
EndProject
Global
	GlobalSection(SolutionConfigurationPlatforms) = preSolution
		Debug|Any CPU = Debug|Any CPU
		Release|Any CPU = Release|Any CPU
	EndGlobalSection
	GlobalSection(ProjectConfigurationPlatforms) = postSolution
		{D7E59EC9-92D0-48D3-A941-20BBF2F6AFF4}.Debug|Any CPU.ActiveCfg = Debug|Any CPU
		{D7E59EC9-92D0-48D3-A941-20BBF2F6AFF4}.Debug|Any CPU.Build.0 = Debug|Any CPU
		{D7E59EC9-92D0-48D3-A941-20BBF2F6AFF4}.Release|Any CPU.ActiveCfg = Release|Any CPU
		{D7E59EC9-92D0-48D3-A941-20BBF2F6AFF4}.Release|Any CPU.Build.0 = Release|Any CPU
		{1E34909D-7AB3-4EA9-A4B3-1B08F777B0A6}.Debug|Any CPU.ActiveCfg = Debug|Any CPU
		{1E34909D-7AB3-4EA9-A4B3-1B08F777B0A6}.Debug|Any CPU.Build.0 = Debug|Any CPU
		{1E34909D-7AB3-4EA9-A4B3-1B08F777B0A6}.Release|Any CPU.ActiveCfg = Release|Any CPU
		{1E34909D-7AB3-4EA9-A4B3-1B08F777B0A6}.Release|Any CPU.Build.0 = Release|Any CPU
		{be982e7b-789d-4a72-938e-1d5715c59fa4}.Debug|Any CPU.ActiveCfg = Debug|Any CPU
		{be982e7b-789d-4a72-938e-1d5715c59fa4}.Debug|Any CPU.Build.0 = Debug|Any CPU
		{be982e7b-789d-4a72-938e-1d5715c59fa4}.Release|Any CPU.ActiveCfg = Release|Any CPU
		{be982e7b-789d-4a72-938e-1d5715c59fa4}.Release|Any CPU.Build.0 = Release|Any CPU
	EndGlobalSection
	GlobalSection(SolutionProperties) = preSolution
		HideSolutionNode = FALSE
	EndGlobalSection
EndGlobal
