
Microsoft Visual Studio Solution File, Format Version 12.00
# Visual Studio Express 2012 for Windows Desktop
Project("{b21704df-0448-45f3-9831-709822845f91}") = "USBSerialSP", "USBSerialSP\USBSerialSP.csproj", "{31de6c92-d173-496c-bc0c-ff330484de43}"
EndProject
Project("{b21704df-0448-45f3-9831-709822845f91}") = "USBSerialSP_43", "USBSerialSP_43\USBSerialSP_43.csproj", "{cf2e461e-3bbb-4b2e-9f11-4b2d9b8f2cdb}"
EndProject
Project("{b21704df-0448-45f3-9831-709822845f91}") = "USBSerialSP_Tester", "USBSerialSP_Tester\USBSerialSP_Tester.csproj", "{be92f716-fa05-4e2c-af51-158512d74e5e}"
EndProject
Global
	GlobalSection(SolutionConfigurationPlatforms) = preSolution
		Debug|Any CPU = Debug|Any CPU
		Release|Any CPU = Release|Any CPU
	EndGlobalSection
	GlobalSection(ProjectConfigurationPlatforms) = postSolution
		{31de6c92-d173-496c-bc0c-ff330484de43}.Debug|Any CPU.ActiveCfg = Debug|Any CPU
		{31de6c92-d173-496c-bc0c-ff330484de43}.Debug|Any CPU.Build.0 = Debug|Any CPU
		{31de6c92-d173-496c-bc0c-ff330484de43}.Release|Any CPU.ActiveCfg = Release|Any CPU
		{31de6c92-d173-496c-bc0c-ff330484de43}.Release|Any CPU.Build.0 = Release|Any CPU
		{cf2e461e-3bbb-4b2e-9f11-4b2d9b8f2cdb}.Debug|Any CPU.ActiveCfg = Debug|Any CPU
		{cf2e461e-3bbb-4b2e-9f11-4b2d9b8f2cdb}.Debug|Any CPU.Build.0 = Debug|Any CPU
		{cf2e461e-3bbb-4b2e-9f11-4b2d9b8f2cdb}.Release|Any CPU.ActiveCfg = Release|Any CPU
		{cf2e461e-3bbb-4b2e-9f11-4b2d9b8f2cdb}.Release|Any CPU.Build.0 = Release|Any CPU
		{be92f716-fa05-4e2c-af51-158512d74e5e}.Debug|Any CPU.ActiveCfg = Debug|Any CPU
		{be92f716-fa05-4e2c-af51-158512d74e5e}.Debug|Any CPU.Build.0 = Debug|Any CPU
		{be92f716-fa05-4e2c-af51-158512d74e5e}.Release|Any CPU.ActiveCfg = Release|Any CPU
		{be92f716-fa05-4e2c-af51-158512d74e5e}.Release|Any CPU.Build.0 = Release|Any CPU
	EndGlobalSection
	GlobalSection(SolutionProperties) = preSolution
		HideSolutionNode = FALSE
	EndGlobalSection
EndGlobal
