
Microsoft Visual Studio Solution File, Format Version 12.00
# Visual Studio Express 2012 for Windows Desktop
Project("{86844087-16f2-40a3-92a8-9706e15223f5}") = "NullModem", "NullModem\NullModem.csproj", "{5b9a998b-d420-40f8-be3d-8ea975926c0d}"
EndProject
Project("{86844087-16f2-40a3-92a8-9706e15223f5}") = "NullModem_43", "NullModem_43\NullModem_43.csproj", "{1888d5e7-89ce-42b0-b6ba-848d848f68cc}"
EndProject
Project("{86844087-16f2-40a3-92a8-9706e15223f5}") = "NullModem_Tester", "NullModem_Tester\NullModem_Tester.csproj", "{03b7c0fa-8ccb-40c4-8cd8-1409ce2d5be6}"
EndProject
Global
	GlobalSection(SolutionConfigurationPlatforms) = preSolution
		Debug|Any CPU = Debug|Any CPU
		Release|Any CPU = Release|Any CPU
	EndGlobalSection
	GlobalSection(ProjectConfigurationPlatforms) = postSolution
		{5b9a998b-d420-40f8-be3d-8ea975926c0d}.Debug|Any CPU.ActiveCfg = Debug|Any CPU
		{5b9a998b-d420-40f8-be3d-8ea975926c0d}.Debug|Any CPU.Build.0 = Debug|Any CPU
		{5b9a998b-d420-40f8-be3d-8ea975926c0d}.Release|Any CPU.ActiveCfg = Release|Any CPU
		{5b9a998b-d420-40f8-be3d-8ea975926c0d}.Release|Any CPU.Build.0 = Release|Any CPU
		{1888d5e7-89ce-42b0-b6ba-848d848f68cc}.Debug|Any CPU.ActiveCfg = Debug|Any CPU
		{1888d5e7-89ce-42b0-b6ba-848d848f68cc}.Debug|Any CPU.Build.0 = Debug|Any CPU
		{1888d5e7-89ce-42b0-b6ba-848d848f68cc}.Release|Any CPU.ActiveCfg = Release|Any CPU
		{1888d5e7-89ce-42b0-b6ba-848d848f68cc}.Release|Any CPU.Build.0 = Release|Any CPU
		{03b7c0fa-8ccb-40c4-8cd8-1409ce2d5be6}.Debug|Any CPU.ActiveCfg = Debug|Any CPU
		{03b7c0fa-8ccb-40c4-8cd8-1409ce2d5be6}.Debug|Any CPU.Build.0 = Debug|Any CPU
		{03b7c0fa-8ccb-40c4-8cd8-1409ce2d5be6}.Release|Any CPU.ActiveCfg = Release|Any CPU
		{03b7c0fa-8ccb-40c4-8cd8-1409ce2d5be6}.Release|Any CPU.Build.0 = Release|Any CPU
	EndGlobalSection
	GlobalSection(SolutionProperties) = preSolution
		HideSolutionNode = FALSE
	EndGlobalSection
EndGlobal
