
Microsoft Visual Studio Solution File, Format Version 12.00
# Visual Studio Express 2012 for Windows Desktop
Project("{FAE04EC0-301F-11D3-BF4B-00C04F79EFBC}") = "SDCard", "SDCard\SDCard.csproj", "{4D83D815-D5B0-491D-98C9-F4B711F984AD}"
EndProject
Project("{FAE04EC0-301F-11D3-BF4B-00C04F79EFBC}") = "SDCard_42", "SDCard_42\SDCard_42.csproj", "{B4658784-E626-480D-8C24-C6FB07565E5B}"
EndProject
Project("{FAE04EC0-301F-11D3-BF4B-00C04F79EFBC}") = "SDCard_43", "SDCard_43\SDCard_43.csproj", "{C2286A66-3705-4F95-A2C2-527E43269AEB}"
EndProject
Project("{FAE04EC0-301F-11D3-BF4B-00C04F79EFBC}") = "SDCard_Tester", "SDCard_Tester\SDCard_Tester.csproj", "{95990DFB-661C-4797-828F-5673103DB34C}"
EndProject
Global
	GlobalSection(SolutionConfigurationPlatforms) = preSolution
		Debug|Any CPU = Debug|Any CPU
		Release|Any CPU = Release|Any CPU
	EndGlobalSection
	GlobalSection(ProjectConfigurationPlatforms) = postSolution
		{4D83D815-D5B0-491D-98C9-F4B711F984AD}.Debug|Any CPU.ActiveCfg = Debug|Any CPU
		{4D83D815-D5B0-491D-98C9-F4B711F984AD}.Debug|Any CPU.Build.0 = Debug|Any CPU
		{4D83D815-D5B0-491D-98C9-F4B711F984AD}.Release|Any CPU.ActiveCfg = Release|Any CPU
		{4D83D815-D5B0-491D-98C9-F4B711F984AD}.Release|Any CPU.Build.0 = Release|Any CPU
		{B4658784-E626-480D-8C24-C6FB07565E5B}.Debug|Any CPU.ActiveCfg = Debug|Any CPU
		{B4658784-E626-480D-8C24-C6FB07565E5B}.Debug|Any CPU.Build.0 = Debug|Any CPU
		{B4658784-E626-480D-8C24-C6FB07565E5B}.Release|Any CPU.ActiveCfg = Release|Any CPU
		{B4658784-E626-480D-8C24-C6FB07565E5B}.Release|Any CPU.Build.0 = Release|Any CPU
		{C2286A66-3705-4F95-A2C2-527E43269AEB}.Debug|Any CPU.ActiveCfg = Debug|Any CPU
		{C2286A66-3705-4F95-A2C2-527E43269AEB}.Debug|Any CPU.Build.0 = Debug|Any CPU
		{C2286A66-3705-4F95-A2C2-527E43269AEB}.Release|Any CPU.ActiveCfg = Release|Any CPU
		{C2286A66-3705-4F95-A2C2-527E43269AEB}.Release|Any CPU.Build.0 = Release|Any CPU
		{95990DFB-661C-4797-828F-5673103DB34C}.Debug|Any CPU.ActiveCfg = Debug|Any CPU
		{95990DFB-661C-4797-828F-5673103DB34C}.Debug|Any CPU.Build.0 = Debug|Any CPU
		{95990DFB-661C-4797-828F-5673103DB34C}.Debug|Any CPU.Deploy.0 = Debug|Any CPU
		{95990DFB-661C-4797-828F-5673103DB34C}.Release|Any CPU.ActiveCfg = Release|Any CPU
		{95990DFB-661C-4797-828F-5673103DB34C}.Release|Any CPU.Build.0 = Release|Any CPU
		{95990DFB-661C-4797-828F-5673103DB34C}.Release|Any CPU.Deploy.0 = Release|Any CPU
	EndGlobalSection
	GlobalSection(SolutionProperties) = preSolution
		HideSolutionNode = FALSE
	EndGlobalSection
EndGlobal
