
Microsoft Visual Studio Solution File, Format Version 12.00
# Visual Studio Express 2012 for Windows Desktop
Project("{ef07bcba-58c7-4310-9550-2127962de45a}") = "FLASH", "FLASH\FLASH.csproj", "{f00bddbf-f8c4-44df-93b9-ce9f5d44e8a8}"
EndProject
Project("{ef07bcba-58c7-4310-9550-2127962de45a}") = "FLASH_43", "FLASH_43\FLASH_43.csproj", "{7632c510-e82a-4767-b322-d72176aa47cb}"
EndProject
Project("{ef07bcba-58c7-4310-9550-2127962de45a}") = "FLASH_Tester", "FLASH_Tester\FLASH_Tester.csproj", "{32d69d3d-8623-468c-9362-855620175c56}"
EndProject
Global
	GlobalSection(SolutionConfigurationPlatforms) = preSolution
		Debug|Any CPU = Debug|Any CPU
		Release|Any CPU = Release|Any CPU
	EndGlobalSection
	GlobalSection(ProjectConfigurationPlatforms) = postSolution
		{f00bddbf-f8c4-44df-93b9-ce9f5d44e8a8}.Debug|Any CPU.ActiveCfg = Debug|Any CPU
		{f00bddbf-f8c4-44df-93b9-ce9f5d44e8a8}.Debug|Any CPU.Build.0 = Debug|Any CPU
		{f00bddbf-f8c4-44df-93b9-ce9f5d44e8a8}.Release|Any CPU.ActiveCfg = Release|Any CPU
		{f00bddbf-f8c4-44df-93b9-ce9f5d44e8a8}.Release|Any CPU.Build.0 = Release|Any CPU
		{7632c510-e82a-4767-b322-d72176aa47cb}.Debug|Any CPU.ActiveCfg = Debug|Any CPU
		{7632c510-e82a-4767-b322-d72176aa47cb}.Debug|Any CPU.Build.0 = Debug|Any CPU
		{7632c510-e82a-4767-b322-d72176aa47cb}.Release|Any CPU.ActiveCfg = Release|Any CPU
		{7632c510-e82a-4767-b322-d72176aa47cb}.Release|Any CPU.Build.0 = Release|Any CPU
		{32d69d3d-8623-468c-9362-855620175c56}.Debug|Any CPU.ActiveCfg = Debug|Any CPU
		{32d69d3d-8623-468c-9362-855620175c56}.Debug|Any CPU.Build.0 = Debug|Any CPU
		{32d69d3d-8623-468c-9362-855620175c56}.Release|Any CPU.ActiveCfg = Release|Any CPU
		{32d69d3d-8623-468c-9362-855620175c56}.Release|Any CPU.Build.0 = Release|Any CPU
	EndGlobalSection
	GlobalSection(SolutionProperties) = preSolution
		HideSolutionNode = FALSE
	EndGlobalSection
EndGlobal
