
Microsoft Visual Studio Solution File, Format Version 12.00
# Visual Studio Express 2012 for Windows Desktop
Project("{FAE04EC0-301F-11D3-BF4B-00C04F79EFBC}") = "FEZCerbuinoNet", "FEZCerbuinoNet\FEZCerbuinoNet.csproj", "{D8C768A7-03CD-4680-8BA7-023EDC947FCB}"
EndProject
Project("{FAE04EC0-301F-11D3-BF4B-00C04F79EFBC}") = "FEZCerbuinoNet_42", "FEZCerbuinoNet_42\FEZCerbuinoNet_42.csproj", "{35593619-9B27-4527-ADC8-456BB8BB7F94}"
EndProject
Project("{FAE04EC0-301F-11D3-BF4B-00C04F79EFBC}") = "FEZCerbuinoNet_43", "FEZCerbuinoNet_43\FEZCerbuinoNet_43.csproj", "{904A81B3-3DF6-4CD8-9BDE-C86B33BCB3A6}"
EndProject
Project("{FAE04EC0-301F-11D3-BF4B-00C04F79EFBC}") = "FEZCerbuinoNet_Tester", "FEZCerbuinoNet_Tester\FEZCerbuinoNet_Tester.csproj", "{90C29087-8B22-4E79-B7FF-CFCA08773A70}"
EndProject
Global
	GlobalSection(SolutionConfigurationPlatforms) = preSolution
		Debug|Any CPU = Debug|Any CPU
		Release|Any CPU = Release|Any CPU
	EndGlobalSection
	GlobalSection(ProjectConfigurationPlatforms) = postSolution
		{D8C768A7-03CD-4680-8BA7-023EDC947FCB}.Debug|Any CPU.ActiveCfg = Debug|Any CPU
		{D8C768A7-03CD-4680-8BA7-023EDC947FCB}.Debug|Any CPU.Build.0 = Debug|Any CPU
		{D8C768A7-03CD-4680-8BA7-023EDC947FCB}.Release|Any CPU.ActiveCfg = Release|Any CPU
		{D8C768A7-03CD-4680-8BA7-023EDC947FCB}.Release|Any CPU.Build.0 = Release|Any CPU
		{35593619-9B27-4527-ADC8-456BB8BB7F94}.Debug|Any CPU.ActiveCfg = Debug|Any CPU
		{35593619-9B27-4527-ADC8-456BB8BB7F94}.Debug|Any CPU.Build.0 = Debug|Any CPU
		{35593619-9B27-4527-ADC8-456BB8BB7F94}.Release|Any CPU.ActiveCfg = Release|Any CPU
		{35593619-9B27-4527-ADC8-456BB8BB7F94}.Release|Any CPU.Build.0 = Release|Any CPU
		{904A81B3-3DF6-4CD8-9BDE-C86B33BCB3A6}.Debug|Any CPU.ActiveCfg = Debug|Any CPU
		{904A81B3-3DF6-4CD8-9BDE-C86B33BCB3A6}.Debug|Any CPU.Build.0 = Debug|Any CPU
		{904A81B3-3DF6-4CD8-9BDE-C86B33BCB3A6}.Release|Any CPU.ActiveCfg = Release|Any CPU
		{904A81B3-3DF6-4CD8-9BDE-C86B33BCB3A6}.Release|Any CPU.Build.0 = Release|Any CPU
		{90C29087-8B22-4E79-B7FF-CFCA08773A70}.Debug|Any CPU.ActiveCfg = Debug|Any CPU
		{90C29087-8B22-4E79-B7FF-CFCA08773A70}.Debug|Any CPU.Build.0 = Debug|Any CPU
		{90C29087-8B22-4E79-B7FF-CFCA08773A70}.Debug|Any CPU.Deploy.0 = Debug|Any CPU
		{90C29087-8B22-4E79-B7FF-CFCA08773A70}.Release|Any CPU.ActiveCfg = Release|Any CPU
		{90C29087-8B22-4E79-B7FF-CFCA08773A70}.Release|Any CPU.Build.0 = Release|Any CPU
		{90C29087-8B22-4E79-B7FF-CFCA08773A70}.Release|Any CPU.Deploy.0 = Release|Any CPU
	EndGlobalSection
	GlobalSection(SolutionProperties) = preSolution
		HideSolutionNode = FALSE
	EndGlobalSection
EndGlobal
