
Microsoft Visual Studio Solution File, Format Version 12.00
# Visual Studio Express 2012 for Windows Desktop
Project("{deeaf910-0773-4ace-a709-b8227511f3d0}") = "FEZSpiderII", "FEZSpiderII\FEZSpiderII.csproj", "{1640e617-5401-4f33-a0ed-91bbe144531f}"
EndProject
Project("{deeaf910-0773-4ace-a709-b8227511f3d0}") = "FEZSpiderII_43", "FEZSpiderII_43\FEZSpiderII_43.csproj", "{4b393ff9-4ba9-401a-a7fe-9ada597dbf57}"
EndProject
Project("{deeaf910-0773-4ace-a709-b8227511f3d0}") = "FEZSpiderII_Tester", "FEZSpiderII_Tester\FEZSpiderII_Tester.csproj", "{195facfb-a7ea-46dc-b73a-d3b7d453e1a3}"
EndProject
Global
	GlobalSection(SolutionConfigurationPlatforms) = preSolution
		Debug|Any CPU = Debug|Any CPU
		Release|Any CPU = Release|Any CPU
	EndGlobalSection
	GlobalSection(ProjectConfigurationPlatforms) = postSolution
		{1640e617-5401-4f33-a0ed-91bbe144531f}.Debug|Any CPU.ActiveCfg = Debug|Any CPU
		{1640e617-5401-4f33-a0ed-91bbe144531f}.Debug|Any CPU.Build.0 = Debug|Any CPU
		{1640e617-5401-4f33-a0ed-91bbe144531f}.Release|Any CPU.ActiveCfg = Release|Any CPU
		{1640e617-5401-4f33-a0ed-91bbe144531f}.Release|Any CPU.Build.0 = Release|Any CPU
		{4b393ff9-4ba9-401a-a7fe-9ada597dbf57}.Debug|Any CPU.ActiveCfg = Debug|Any CPU
		{4b393ff9-4ba9-401a-a7fe-9ada597dbf57}.Debug|Any CPU.Build.0 = Debug|Any CPU
		{4b393ff9-4ba9-401a-a7fe-9ada597dbf57}.Release|Any CPU.ActiveCfg = Release|Any CPU
		{4b393ff9-4ba9-401a-a7fe-9ada597dbf57}.Release|Any CPU.Build.0 = Release|Any CPU
		{195facfb-a7ea-46dc-b73a-d3b7d453e1a3}.Debug|Any CPU.ActiveCfg = Debug|Any CPU
		{195facfb-a7ea-46dc-b73a-d3b7d453e1a3}.Debug|Any CPU.Build.0 = Debug|Any CPU
		{195facfb-a7ea-46dc-b73a-d3b7d453e1a3}.Release|Any CPU.ActiveCfg = Release|Any CPU
		{195facfb-a7ea-46dc-b73a-d3b7d453e1a3}.Release|Any CPU.Build.0 = Release|Any CPU
	EndGlobalSection
	GlobalSection(SolutionProperties) = preSolution
		HideSolutionNode = FALSE
	EndGlobalSection
EndGlobal
