
Microsoft Visual Studio Solution File, Format Version 12.00
# Visual Studio Express 2012 for Windows Desktop
Project("{cc0889c0-c919-4953-b737-547e8a4257a3}") = "Compass", "Compass\Compass.csproj", "{1272598b-48b2-4d23-afad-90eaa14ff9a0}"
EndProject
Project("{cc0889c0-c919-4953-b737-547e8a4257a3}") = "Compass_43", "Compass_43\Compass_43.csproj", "{3e8440f4-e88c-4b95-82c2-7cfe1e49f7c5}"
EndProject
Project("{cc0889c0-c919-4953-b737-547e8a4257a3}") = "Compass_Tester", "Compass_Tester\Compass_Tester.csproj", "{ffb4e852-562b-41de-9c47-26f636491515}"
EndProject
Global
	GlobalSection(SolutionConfigurationPlatforms) = preSolution
		Debug|Any CPU = Debug|Any CPU
		Release|Any CPU = Release|Any CPU
	EndGlobalSection
	GlobalSection(ProjectConfigurationPlatforms) = postSolution
		{1272598b-48b2-4d23-afad-90eaa14ff9a0}.Debug|Any CPU.ActiveCfg = Debug|Any CPU
		{1272598b-48b2-4d23-afad-90eaa14ff9a0}.Debug|Any CPU.Build.0 = Debug|Any CPU
		{1272598b-48b2-4d23-afad-90eaa14ff9a0}.Release|Any CPU.ActiveCfg = Release|Any CPU
		{1272598b-48b2-4d23-afad-90eaa14ff9a0}.Release|Any CPU.Build.0 = Release|Any CPU
		{3e8440f4-e88c-4b95-82c2-7cfe1e49f7c5}.Debug|Any CPU.ActiveCfg = Debug|Any CPU
		{3e8440f4-e88c-4b95-82c2-7cfe1e49f7c5}.Debug|Any CPU.Build.0 = Debug|Any CPU
		{3e8440f4-e88c-4b95-82c2-7cfe1e49f7c5}.Release|Any CPU.ActiveCfg = Release|Any CPU
		{3e8440f4-e88c-4b95-82c2-7cfe1e49f7c5}.Release|Any CPU.Build.0 = Release|Any CPU
		{ffb4e852-562b-41de-9c47-26f636491515}.Debug|Any CPU.ActiveCfg = Debug|Any CPU
		{ffb4e852-562b-41de-9c47-26f636491515}.Debug|Any CPU.Build.0 = Debug|Any CPU
		{ffb4e852-562b-41de-9c47-26f636491515}.Release|Any CPU.ActiveCfg = Release|Any CPU
		{ffb4e852-562b-41de-9c47-26f636491515}.Release|Any CPU.Build.0 = Release|Any CPU
	EndGlobalSection
	GlobalSection(SolutionProperties) = preSolution
		HideSolutionNode = FALSE
	EndGlobalSection
EndGlobal
