
Microsoft Visual Studio Solution File, Format Version 12.00
# Visual Studio Express 2012 for Windows Desktop
Project("{FAE04EC0-301F-11D3-BF4B-00C04F79EFBC}") = "FEZ Cerbuino Bee_42", "FEZ Cerbuino Bee\FEZ Cerbuino Bee_42\FEZ Cerbuino Bee_42.csproj", "{CEFD2559-385F-4DDB-9DD7-2211C67BF036}"
EndProject
Project("{FAE04EC0-301F-11D3-BF4B-00C04F79EFBC}") = "FEZ Cerbuino Bee", "FEZ Cerbuino Bee\FEZ Cerbuino Bee\FEZ Cerbuino Bee.csproj", "{004BA2DA-7657-4DCC-9DCD-19BBD5BE7C08}"
EndProject
Project("{FAE04EC0-301F-11D3-BF4B-00C04F79EFBC}") = "FEZ Cerbuino Bee_43", "FEZ Cerbuino Bee\FEZ Cerbuino Bee_43\FEZ Cerbuino Bee_43.csproj", "{E2E302DC-71B9-4E7E-861A-59A5D57852E2}"
EndProject
Global
	GlobalSection(SolutionConfigurationPlatforms) = preSolution
		Debug|Any CPU = Debug|Any CPU
		Release|Any CPU = Release|Any CPU
	EndGlobalSection
	GlobalSection(ProjectConfigurationPlatforms) = postSolution
		{CEFD2559-385F-4DDB-9DD7-2211C67BF036}.Debug|Any CPU.ActiveCfg = Debug|Any CPU
		{CEFD2559-385F-4DDB-9DD7-2211C67BF036}.Debug|Any CPU.Build.0 = Debug|Any CPU
		{CEFD2559-385F-4DDB-9DD7-2211C67BF036}.Release|Any CPU.ActiveCfg = Release|Any CPU
		{CEFD2559-385F-4DDB-9DD7-2211C67BF036}.Release|Any CPU.Build.0 = Release|Any CPU
		{004BA2DA-7657-4DCC-9DCD-19BBD5BE7C08}.Debug|Any CPU.ActiveCfg = Debug|Any CPU
		{004BA2DA-7657-4DCC-9DCD-19BBD5BE7C08}.Debug|Any CPU.Build.0 = Debug|Any CPU
		{004BA2DA-7657-4DCC-9DCD-19BBD5BE7C08}.Release|Any CPU.ActiveCfg = Release|Any CPU
		{004BA2DA-7657-4DCC-9DCD-19BBD5BE7C08}.Release|Any CPU.Build.0 = Release|Any CPU
		{E2E302DC-71B9-4E7E-861A-59A5D57852E2}.Debug|Any CPU.ActiveCfg = Debug|Any CPU
		{E2E302DC-71B9-4E7E-861A-59A5D57852E2}.Debug|Any CPU.Build.0 = Debug|Any CPU
		{E2E302DC-71B9-4E7E-861A-59A5D57852E2}.Release|Any CPU.ActiveCfg = Release|Any CPU
		{E2E302DC-71B9-4E7E-861A-59A5D57852E2}.Release|Any CPU.Build.0 = Release|Any CPU
	EndGlobalSection
	GlobalSection(SolutionProperties) = preSolution
		HideSolutionNode = FALSE
	EndGlobalSection
EndGlobal
