
Microsoft Visual Studio Solution File, Format Version 12.00
# Visual Studio Express 2012 for Windows Desktop
Project("{a9f4fd53-50b1-4a0d-9da0-45030a808232}") = "AMPM35", "AMPM35\AMPM35.csproj", "{646db0ad-95a9-4eff-9a75-95d157e85483}"
EndProject
Project("{a9f4fd53-50b1-4a0d-9da0-45030a808232}") = "AMPM35_42", "AMPM35_42\AMPM35_42.csproj", "{584E1AE2-27BD-405F-A27D-1C7B54CE958A}"
EndProject
Project("{a9f4fd53-50b1-4a0d-9da0-45030a808232}") = "AMPM35_43", "AMPM35_43\AMPM35_43.csproj", "{f648189d-7f09-4d6b-850f-efaf9af3557a}"
EndProject
Project("{a9f4fd53-50b1-4a0d-9da0-45030a808232}") = "AMPM35_Tester", "AMPM35_Tester\AMPM35_Tester.csproj", "{2ebad8fa-3d90-4e0a-ae7b-323393a8dce7}"
EndProject
Global
	GlobalSection(SolutionConfigurationPlatforms) = preSolution
		Debug|Any CPU = Debug|Any CPU
		Release|Any CPU = Release|Any CPU
	EndGlobalSection
	GlobalSection(ProjectConfigurationPlatforms) = postSolution
		{584E1AE2-27BD-405F-A27D-1C7B54CE958A}.Debug|Any CPU.ActiveCfg = Debug|Any CPU
		{584E1AE2-27BD-405F-A27D-1C7B54CE958A}.Debug|Any CPU.Build.0 = Debug|Any CPU
		{584E1AE2-27BD-405F-A27D-1C7B54CE958A}.Release|Any CPU.ActiveCfg = Release|Any CPU
		{584E1AE2-27BD-405F-A27D-1C7B54CE958A}.Release|Any CPU.Build.0 = Release|Any CPU
		{646db0ad-95a9-4eff-9a75-95d157e85483}.Debug|Any CPU.ActiveCfg = Debug|Any CPU
		{646db0ad-95a9-4eff-9a75-95d157e85483}.Debug|Any CPU.Build.0 = Debug|Any CPU
		{646db0ad-95a9-4eff-9a75-95d157e85483}.Release|Any CPU.ActiveCfg = Release|Any CPU
		{646db0ad-95a9-4eff-9a75-95d157e85483}.Release|Any CPU.Build.0 = Release|Any CPU
		{f648189d-7f09-4d6b-850f-efaf9af3557a}.Debug|Any CPU.ActiveCfg = Debug|Any CPU
		{f648189d-7f09-4d6b-850f-efaf9af3557a}.Debug|Any CPU.Build.0 = Debug|Any CPU
		{f648189d-7f09-4d6b-850f-efaf9af3557a}.Release|Any CPU.ActiveCfg = Release|Any CPU
		{f648189d-7f09-4d6b-850f-efaf9af3557a}.Release|Any CPU.Build.0 = Release|Any CPU
		{2ebad8fa-3d90-4e0a-ae7b-323393a8dce7}.Debug|Any CPU.ActiveCfg = Debug|Any CPU
		{2ebad8fa-3d90-4e0a-ae7b-323393a8dce7}.Debug|Any CPU.Build.0 = Debug|Any CPU
		{2ebad8fa-3d90-4e0a-ae7b-323393a8dce7}.Release|Any CPU.ActiveCfg = Release|Any CPU
		{2ebad8fa-3d90-4e0a-ae7b-323393a8dce7}.Release|Any CPU.Build.0 = Release|Any CPU
	EndGlobalSection
	GlobalSection(SolutionProperties) = preSolution
		HideSolutionNode = FALSE
	EndGlobalSection
EndGlobal
