
Microsoft Visual Studio Solution File, Format Version 11.00
# Visual Studio 2010
Project("{FAE04EC0-301F-11D3-BF4B-00C04F79EFBC}") = "Display T35_41", "Display T35\Display T35_41\Display T35_41.csproj", "{007CA420-57FC-4F8D-A013-A7070A6CB63F}"
EndProject
Project("{FAE04EC0-301F-11D3-BF4B-00C04F79EFBC}") = "Display T35_42", "Display T35\Display T35_42\Display T35_42.csproj", "{D3EC7CBD-38A0-4682-82DB-CD5067A9EB60}"
EndProject
Project("{FAE04EC0-301F-11D3-BF4B-00C04F79EFBC}") = "Display T35", "Display T35\Display T35\Display T35.csproj", "{8484815B-A265-480C-BA3F-EFFACBDCDBB9}"
EndProject
Global
	GlobalSection(SolutionConfigurationPlatforms) = preSolution
		Debug|Any CPU = Debug|Any CPU
		Release|Any CPU = Release|Any CPU
	EndGlobalSection
	GlobalSection(ProjectConfigurationPlatforms) = postSolution
		{007CA420-57FC-4F8D-A013-A7070A6CB63F}.Debug|Any CPU.ActiveCfg = Debug|Any CPU
		{007CA420-57FC-4F8D-A013-A7070A6CB63F}.Debug|Any CPU.Build.0 = Debug|Any CPU
		{007CA420-57FC-4F8D-A013-A7070A6CB63F}.Release|Any CPU.ActiveCfg = Release|Any CPU
		{007CA420-57FC-4F8D-A013-A7070A6CB63F}.Release|Any CPU.Build.0 = Release|Any CPU
		{D3EC7CBD-38A0-4682-82DB-CD5067A9EB60}.Debug|Any CPU.ActiveCfg = Debug|Any CPU
		{D3EC7CBD-38A0-4682-82DB-CD5067A9EB60}.Debug|Any CPU.Build.0 = Debug|Any CPU
		{D3EC7CBD-38A0-4682-82DB-CD5067A9EB60}.Release|Any CPU.ActiveCfg = Release|Any CPU
		{D3EC7CBD-38A0-4682-82DB-CD5067A9EB60}.Release|Any CPU.Build.0 = Release|Any CPU
		{8484815B-A265-480C-BA3F-EFFACBDCDBB9}.Debug|Any CPU.ActiveCfg = Debug|Any CPU
		{8484815B-A265-480C-BA3F-EFFACBDCDBB9}.Debug|Any CPU.Build.0 = Debug|Any CPU
		{8484815B-A265-480C-BA3F-EFFACBDCDBB9}.Release|Any CPU.ActiveCfg = Release|Any CPU
		{8484815B-A265-480C-BA3F-EFFACBDCDBB9}.Release|Any CPU.Build.0 = Release|Any CPU
	EndGlobalSection
	GlobalSection(SolutionProperties) = preSolution
		HideSolutionNode = FALSE
	EndGlobalSection
EndGlobal
