
Microsoft Visual Studio Solution File, Format Version 12.00
# Visual Studio Express 2012 for Windows Desktop
Project("{FAE04EC0-301F-11D3-BF4B-00C04F79EFBC}") = "RS232", "RS232\RS232.csproj", "{CF2ACB87-D1C8-4897-A434-514A8AF2A7CA}"
EndProject
Project("{FAE04EC0-301F-11D3-BF4B-00C04F79EFBC}") = "RS232_42", "RS232_42\RS232_42.csproj", "{358024CA-4628-4AA2-9CA2-D91E8AD931D3}"
EndProject
Project("{FAE04EC0-301F-11D3-BF4B-00C04F79EFBC}") = "RS232_43", "RS232_43\RS232_43.csproj", "{1731278A-DC16-45A4-ABDB-7D831BFD9DBD}"
EndProject
Project("{FAE04EC0-301F-11D3-BF4B-00C04F79EFBC}") = "RS232_Tester", "RS232_Tester\RS232_Tester.csproj", "{0ACD065B-ACDB-40A7-AAA5-A40AD70946A5}"
EndProject
Global
	GlobalSection(SolutionConfigurationPlatforms) = preSolution
		Debug|Any CPU = Debug|Any CPU
		Release|Any CPU = Release|Any CPU
	EndGlobalSection
	GlobalSection(ProjectConfigurationPlatforms) = postSolution
		{CF2ACB87-D1C8-4897-A434-514A8AF2A7CA}.Debug|Any CPU.ActiveCfg = Debug|Any CPU
		{CF2ACB87-D1C8-4897-A434-514A8AF2A7CA}.Debug|Any CPU.Build.0 = Debug|Any CPU
		{CF2ACB87-D1C8-4897-A434-514A8AF2A7CA}.Release|Any CPU.ActiveCfg = Release|Any CPU
		{CF2ACB87-D1C8-4897-A434-514A8AF2A7CA}.Release|Any CPU.Build.0 = Release|Any CPU
		{358024CA-4628-4AA2-9CA2-D91E8AD931D3}.Debug|Any CPU.ActiveCfg = Debug|Any CPU
		{358024CA-4628-4AA2-9CA2-D91E8AD931D3}.Debug|Any CPU.Build.0 = Debug|Any CPU
		{358024CA-4628-4AA2-9CA2-D91E8AD931D3}.Release|Any CPU.ActiveCfg = Release|Any CPU
		{358024CA-4628-4AA2-9CA2-D91E8AD931D3}.Release|Any CPU.Build.0 = Release|Any CPU
		{1731278A-DC16-45A4-ABDB-7D831BFD9DBD}.Debug|Any CPU.ActiveCfg = Debug|Any CPU
		{1731278A-DC16-45A4-ABDB-7D831BFD9DBD}.Debug|Any CPU.Build.0 = Debug|Any CPU
		{1731278A-DC16-45A4-ABDB-7D831BFD9DBD}.Release|Any CPU.ActiveCfg = Release|Any CPU
		{1731278A-DC16-45A4-ABDB-7D831BFD9DBD}.Release|Any CPU.Build.0 = Release|Any CPU
		{0ACD065B-ACDB-40A7-AAA5-A40AD70946A5}.Debug|Any CPU.ActiveCfg = Debug|Any CPU
		{0ACD065B-ACDB-40A7-AAA5-A40AD70946A5}.Debug|Any CPU.Build.0 = Debug|Any CPU
		{0ACD065B-ACDB-40A7-AAA5-A40AD70946A5}.Debug|Any CPU.Deploy.0 = Debug|Any CPU
		{0ACD065B-ACDB-40A7-AAA5-A40AD70946A5}.Release|Any CPU.ActiveCfg = Release|Any CPU
		{0ACD065B-ACDB-40A7-AAA5-A40AD70946A5}.Release|Any CPU.Build.0 = Release|Any CPU
		{0ACD065B-ACDB-40A7-AAA5-A40AD70946A5}.Release|Any CPU.Deploy.0 = Release|Any CPU
	EndGlobalSection
	GlobalSection(SolutionProperties) = preSolution
		HideSolutionNode = FALSE
	EndGlobalSection
EndGlobal
