
Microsoft Visual Studio Solution File, Format Version 12.00
# Visual Studio Express 2012 for Windows Desktop
Project("{FAE04EC0-301F-11D3-BF4B-00C04F79EFBC}") = "Barometer", "Barometer\Barometer.csproj", "{D3C377E1-1ED2-4275-B1A5-E40EBF47CA5B}"
EndProject
Project("{FAE04EC0-301F-11D3-BF4B-00C04F79EFBC}") = "Barometer_43", "Barometer_43\Barometer_43.csproj", "{010F2C46-9EB2-46D1-992B-F55E26DADF19}"
EndProject
Project("{FAE04EC0-301F-11D3-BF4B-00C04F79EFBC}") = "Barometer_Tester", "Barometer_Tester\Barometer_Tester.csproj", "{6FA122CA-D989-45D7-B8B5-B430F12F1BFB}"
EndProject
Global
	GlobalSection(SolutionConfigurationPlatforms) = preSolution
		Debug|Any CPU = Debug|Any CPU
		Release|Any CPU = Release|Any CPU
	EndGlobalSection
	GlobalSection(ProjectConfigurationPlatforms) = postSolution
		{D3C377E1-1ED2-4275-B1A5-E40EBF47CA5B}.Debug|Any CPU.ActiveCfg = Debug|Any CPU
		{D3C377E1-1ED2-4275-B1A5-E40EBF47CA5B}.Debug|Any CPU.Build.0 = Debug|Any CPU
		{D3C377E1-1ED2-4275-B1A5-E40EBF47CA5B}.Release|Any CPU.ActiveCfg = Release|Any CPU
		{D3C377E1-1ED2-4275-B1A5-E40EBF47CA5B}.Release|Any CPU.Build.0 = Release|Any CPU
		{010F2C46-9EB2-46D1-992B-F55E26DADF19}.Debug|Any CPU.ActiveCfg = Debug|Any CPU
		{010F2C46-9EB2-46D1-992B-F55E26DADF19}.Debug|Any CPU.Build.0 = Debug|Any CPU
		{010F2C46-9EB2-46D1-992B-F55E26DADF19}.Release|Any CPU.ActiveCfg = Release|Any CPU
		{010F2C46-9EB2-46D1-992B-F55E26DADF19}.Release|Any CPU.Build.0 = Release|Any CPU
		{6FA122CA-D989-45D7-B8B5-B430F12F1BFB}.Debug|Any CPU.ActiveCfg = Debug|Any CPU
		{6FA122CA-D989-45D7-B8B5-B430F12F1BFB}.Debug|Any CPU.Build.0 = Debug|Any CPU
		{6FA122CA-D989-45D7-B8B5-B430F12F1BFB}.Debug|Any CPU.Deploy.0 = Debug|Any CPU
		{6FA122CA-D989-45D7-B8B5-B430F12F1BFB}.Release|Any CPU.ActiveCfg = Release|Any CPU
		{6FA122CA-D989-45D7-B8B5-B430F12F1BFB}.Release|Any CPU.Build.0 = Release|Any CPU
		{6FA122CA-D989-45D7-B8B5-B430F12F1BFB}.Release|Any CPU.Deploy.0 = Release|Any CPU
	EndGlobalSection
	GlobalSection(SolutionProperties) = preSolution
		HideSolutionNode = FALSE
	EndGlobalSection
EndGlobal
