
Microsoft Visual Studio Solution File, Format Version 11.00
# Visual Studio 2010
Project("{FAE04EC0-301F-11D3-BF4B-00C04F79EFBC}") = "Display_N18_43", "Display N18\Display_N18_43\Display_N18_43.csproj", "{29b93cef-ccee-4590-b931-4903763105be}"
EndProject
Project("{FAE04EC0-301F-11D3-BF4B-00C04F79EFBC}") = "Display_N18_42", "Display N18\Display_N18_42\Display_N18_42.csproj", "{2FB85AA0-8915-4666-ACF9-F26894253EF0}"
EndProject
Project("{FAE04EC0-301F-11D3-BF4B-00C04F79EFBC}") = "Display_N18", "Display N18\Display_N18\Display_N18.csproj", "{B01A7AA6-6AB8-44AD-81A6-48D3BD8AB156}"
EndProject
Global
	GlobalSection(SolutionConfigurationPlatforms) = preSolution
		Debug|Any CPU = Debug|Any CPU
		Release|Any CPU = Release|Any CPU
	EndGlobalSection
	GlobalSection(ProjectConfigurationPlatforms) = postSolution
		{2FB85AA0-8915-4666-ACF9-F26894253EF0}.Debug|Any CPU.ActiveCfg = Debug|Any CPU
		{2FB85AA0-8915-4666-ACF9-F26894253EF0}.Debug|Any CPU.Build.0 = Debug|Any CPU
		{2FB85AA0-8915-4666-ACF9-F26894253EF0}.Release|Any CPU.ActiveCfg = Release|Any CPU
		{2FB85AA0-8915-4666-ACF9-F26894253EF0}.Release|Any CPU.Build.0 = Release|Any CPU
		{B01A7AA6-6AB8-44AD-81A6-48D3BD8AB156}.Debug|Any CPU.ActiveCfg = Debug|Any CPU
		{B01A7AA6-6AB8-44AD-81A6-48D3BD8AB156}.Debug|Any CPU.Build.0 = Debug|Any CPU
		{B01A7AA6-6AB8-44AD-81A6-48D3BD8AB156}.Release|Any CPU.ActiveCfg = Release|Any CPU
		{B01A7AA6-6AB8-44AD-81A6-48D3BD8AB156}.Release|Any CPU.Build.0 = Release|Any CPU
		{29b93cef-ccee-4590-b931-4903763105be}.Debug|Any CPU.ActiveCfg = Debug|Any CPU
		{29b93cef-ccee-4590-b931-4903763105be}.Debug|Any CPU.Build.0 = Debug|Any CPU
		{29b93cef-ccee-4590-b931-4903763105be}.Release|Any CPU.ActiveCfg = Release|Any CPU
		{29b93cef-ccee-4590-b931-4903763105be}.Release|Any CPU.Build.0 = Release|Any CPU
	EndGlobalSection
	GlobalSection(SolutionProperties) = preSolution
		HideSolutionNode = FALSE
	EndGlobalSection
EndGlobal
