
Microsoft Visual Studio Solution File, Format Version 11.00
# Visual Studio 2010
Project("{FAE04EC0-301F-11D3-BF4B-00C04F79EFBC}") = "LED7C_43", "LED7C\LED7C_43\LED7C_43.csproj", "{13b49ef3-e16b-4170-a63f-69952be467e5}"
EndProject
Project("{FAE04EC0-301F-11D3-BF4B-00C04F79EFBC}") = "LED7C_42", "LED7C\LED7C_42\LED7C_42.csproj", "{DD48CD55-D548-4845-B9B3-E5219D6782FD}"
EndProject
Project("{FAE04EC0-301F-11D3-BF4B-00C04F79EFBC}") = "LED7C", "LED7C\LED7C\LED7C.csproj", "{1A5BE238-66F7-4158-A773-9036F7B0AF0A}"
EndProject
Global
	GlobalSection(SolutionConfigurationPlatforms) = preSolution
		Debug|Any CPU = Debug|Any CPU
		Release|Any CPU = Release|Any CPU
	EndGlobalSection
	GlobalSection(ProjectConfigurationPlatforms) = postSolution
		{DD48CD55-D548-4845-B9B3-E5219D6782FD}.Debug|Any CPU.ActiveCfg = Debug|Any CPU
		{DD48CD55-D548-4845-B9B3-E5219D6782FD}.Debug|Any CPU.Build.0 = Debug|Any CPU
		{DD48CD55-D548-4845-B9B3-E5219D6782FD}.Release|Any CPU.ActiveCfg = Release|Any CPU
		{DD48CD55-D548-4845-B9B3-E5219D6782FD}.Release|Any CPU.Build.0 = Release|Any CPU
		{1A5BE238-66F7-4158-A773-9036F7B0AF0A}.Debug|Any CPU.ActiveCfg = Debug|Any CPU
		{1A5BE238-66F7-4158-A773-9036F7B0AF0A}.Debug|Any CPU.Build.0 = Debug|Any CPU
		{1A5BE238-66F7-4158-A773-9036F7B0AF0A}.Release|Any CPU.ActiveCfg = Release|Any CPU
		{1A5BE238-66F7-4158-A773-9036F7B0AF0A}.Release|Any CPU.Build.0 = Release|Any CPU
		{13b49ef3-e16b-4170-a63f-69952be467e5}.Debug|Any CPU.ActiveCfg = Debug|Any CPU
		{13b49ef3-e16b-4170-a63f-69952be467e5}.Debug|Any CPU.Build.0 = Debug|Any CPU
		{13b49ef3-e16b-4170-a63f-69952be467e5}.Release|Any CPU.ActiveCfg = Release|Any CPU
		{13b49ef3-e16b-4170-a63f-69952be467e5}.Release|Any CPU.Build.0 = Release|Any CPU
	EndGlobalSection
	GlobalSection(SolutionProperties) = preSolution
		HideSolutionNode = FALSE
	EndGlobalSection
EndGlobal
