
Microsoft Visual Studio Solution File, Format Version 11.00
# Visual Studio 2010
Project("{FAE04EC0-301F-11D3-BF4B-00C04F79EFBC}") = "UsbHost_43", "UsbHost\UsbHost_43\UsbHost_43.csproj", "{e43dde7b-bcf1-475e-92ad-2a81b7115019}"
EndProject
Project("{FAE04EC0-301F-11D3-BF4B-00C04F79EFBC}") = "UsbHost_42", "UsbHost\UsbHost_42\UsbHost_42.csproj", "{42BF94ED-6B88-4CD3-B099-103C1EE87387}"
EndProject
Project("{FAE04EC0-301F-11D3-BF4B-00C04F79EFBC}") = "UsbHost", "UsbHost\UsbHost\UsbHost.csproj", "{A6D8170A-83C0-44F3-AC17-92D3BDB8D9BB}"
EndProject
Global
	GlobalSection(SolutionConfigurationPlatforms) = preSolution
		Debug|Any CPU = Debug|Any CPU
		Release|Any CPU = Release|Any CPU
	EndGlobalSection
	GlobalSection(ProjectConfigurationPlatforms) = postSolution
		{42BF94ED-6B88-4CD3-B099-103C1EE87387}.Debug|Any CPU.ActiveCfg = Debug|Any CPU
		{42BF94ED-6B88-4CD3-B099-103C1EE87387}.Debug|Any CPU.Build.0 = Debug|Any CPU
		{42BF94ED-6B88-4CD3-B099-103C1EE87387}.Release|Any CPU.ActiveCfg = Release|Any CPU
		{42BF94ED-6B88-4CD3-B099-103C1EE87387}.Release|Any CPU.Build.0 = Release|Any CPU
		{A6D8170A-83C0-44F3-AC17-92D3BDB8D9BB}.Debug|Any CPU.ActiveCfg = Debug|Any CPU
		{A6D8170A-83C0-44F3-AC17-92D3BDB8D9BB}.Debug|Any CPU.Build.0 = Debug|Any CPU
		{A6D8170A-83C0-44F3-AC17-92D3BDB8D9BB}.Release|Any CPU.ActiveCfg = Release|Any CPU
		{A6D8170A-83C0-44F3-AC17-92D3BDB8D9BB}.Release|Any CPU.Build.0 = Release|Any CPU
		{e43dde7b-bcf1-475e-92ad-2a81b7115019}.Debug|Any CPU.ActiveCfg = Debug|Any CPU
		{e43dde7b-bcf1-475e-92ad-2a81b7115019}.Debug|Any CPU.Build.0 = Debug|Any CPU
		{e43dde7b-bcf1-475e-92ad-2a81b7115019}.Release|Any CPU.ActiveCfg = Release|Any CPU
		{e43dde7b-bcf1-475e-92ad-2a81b7115019}.Release|Any CPU.Build.0 = Release|Any CPU
	EndGlobalSection
	GlobalSection(SolutionProperties) = preSolution
		HideSolutionNode = FALSE
	EndGlobalSection
EndGlobal
