
Microsoft Visual Studio Solution File, Format Version 11.00
# Visual Studio 2010
Project("{FAE04EC0-301F-11D3-BF4B-00C04F79EFBC}") = "Display_TE35_43", "Display TE35\Display_TE35_43\Display_TE35_43.csproj", "{f023672d-4b83-4ea5-94e6-3461e1153e0a}"
EndProject
Project("{FAE04EC0-301F-11D3-BF4B-00C04F79EFBC}") = "Display_TE35_42", "Display TE35\Display_TE35_42\Display_TE35_42.csproj", "{7B83AC80-DEFB-4DD5-B44B-7D0295F82EAC}"
EndProject
Project("{FAE04EC0-301F-11D3-BF4B-00C04F79EFBC}") = "Display_TE35", "Display TE35\Display_TE35\Display_TE35.csproj", "{90675549-3299-4AD6-A544-D7764E71CACD}"
EndProject
Project("{FAE04EC0-301F-11D3-BF4B-00C04F79EFBC}") = "TestApp", "..\TestApp\TestApp.csproj", "{0A29A4A2-479A-4E6E-AA41-4B80AE8D56CA}"
EndProject
Global
	GlobalSection(SolutionConfigurationPlatforms) = preSolution
		Debug|Any CPU = Debug|Any CPU
		Release|Any CPU = Release|Any CPU
	EndGlobalSection
	GlobalSection(ProjectConfigurationPlatforms) = postSolution
		{7B83AC80-DEFB-4DD5-B44B-7D0295F82EAC}.Debug|Any CPU.ActiveCfg = Debug|Any CPU
		{7B83AC80-DEFB-4DD5-B44B-7D0295F82EAC}.Debug|Any CPU.Build.0 = Debug|Any CPU
		{7B83AC80-DEFB-4DD5-B44B-7D0295F82EAC}.Release|Any CPU.ActiveCfg = Release|Any CPU
		{7B83AC80-DEFB-4DD5-B44B-7D0295F82EAC}.Release|Any CPU.Build.0 = Release|Any CPU
		{90675549-3299-4AD6-A544-D7764E71CACD}.Debug|Any CPU.ActiveCfg = Debug|Any CPU
		{90675549-3299-4AD6-A544-D7764E71CACD}.Debug|Any CPU.Build.0 = Debug|Any CPU
		{90675549-3299-4AD6-A544-D7764E71CACD}.Release|Any CPU.ActiveCfg = Release|Any CPU
		{90675549-3299-4AD6-A544-D7764E71CACD}.Release|Any CPU.Build.0 = Release|Any CPU
		{0A29A4A2-479A-4E6E-AA41-4B80AE8D56CA}.Debug|Any CPU.ActiveCfg = Debug|Any CPU
		{0A29A4A2-479A-4E6E-AA41-4B80AE8D56CA}.Debug|Any CPU.Build.0 = Debug|Any CPU
		{0A29A4A2-479A-4E6E-AA41-4B80AE8D56CA}.Debug|Any CPU.Deploy.0 = Debug|Any CPU
		{0A29A4A2-479A-4E6E-AA41-4B80AE8D56CA}.Release|Any CPU.ActiveCfg = Release|Any CPU
		{0A29A4A2-479A-4E6E-AA41-4B80AE8D56CA}.Release|Any CPU.Build.0 = Release|Any CPU
		{0A29A4A2-479A-4E6E-AA41-4B80AE8D56CA}.Release|Any CPU.Deploy.0 = Release|Any CPU
		{f023672d-4b83-4ea5-94e6-3461e1153e0a}.Debug|Any CPU.ActiveCfg = Debug|Any CPU
		{f023672d-4b83-4ea5-94e6-3461e1153e0a}.Debug|Any CPU.Build.0 = Debug|Any CPU
		{f023672d-4b83-4ea5-94e6-3461e1153e0a}.Release|Any CPU.ActiveCfg = Release|Any CPU
		{f023672d-4b83-4ea5-94e6-3461e1153e0a}.Release|Any CPU.Build.0 = Release|Any CPU
	EndGlobalSection
	GlobalSection(SolutionProperties) = preSolution
		HideSolutionNode = FALSE
	EndGlobalSection
EndGlobal
