
Microsoft Visual Studio Solution File, Format Version 12.00
# Visual Studio Express 2012 for Windows Desktop
Project("{2ce628bd-ee48-4aea-b812-e55b8095d904}") = "DisplayT35", "DisplayT35\DisplayT35.csproj", "{237af29f-97b7-4577-9b33-2fbd64541694}"
EndProject
Project("{2ce628bd-ee48-4aea-b812-e55b8095d904}") = "DisplayT35_42", "DisplayT35_42\DisplayT35_42.csproj", "{9d61f761-dd30-4233-b680-13ee141edf3b}"
EndProject
Global
	GlobalSection(SolutionConfigurationPlatforms) = preSolution
		Debug|Any CPU = Debug|Any CPU
		Release|Any CPU = Release|Any CPU
	EndGlobalSection
	GlobalSection(ProjectConfigurationPlatforms) = postSolution
		{237af29f-97b7-4577-9b33-2fbd64541694}.Debug|Any CPU.ActiveCfg = Debug|Any CPU
		{237af29f-97b7-4577-9b33-2fbd64541694}.Debug|Any CPU.Build.0 = Debug|Any CPU
		{237af29f-97b7-4577-9b33-2fbd64541694}.Release|Any CPU.ActiveCfg = Release|Any CPU
		{237af29f-97b7-4577-9b33-2fbd64541694}.Release|Any CPU.Build.0 = Release|Any CPU
		{9d61f761-dd30-4233-b680-13ee141edf3b}.Debug|Any CPU.ActiveCfg = Debug|Any CPU
		{9d61f761-dd30-4233-b680-13ee141edf3b}.Debug|Any CPU.Build.0 = Debug|Any CPU
		{9d61f761-dd30-4233-b680-13ee141edf3b}.Release|Any CPU.ActiveCfg = Release|Any CPU
		{9d61f761-dd30-4233-b680-13ee141edf3b}.Release|Any CPU.Build.0 = Release|Any CPU
	EndGlobalSection
	GlobalSection(SolutionProperties) = preSolution
		HideSolutionNode = FALSE
	EndGlobalSection
EndGlobal
