
Microsoft Visual Studio Solution File, Format Version 12.00
# Visual Studio Express 2012 for Windows Desktop
Project("{e5416f30-5b12-40d8-8a54-ee88f172f29a}") = "LEDStrip", "LEDStrip\LEDStrip.csproj", "{730334ff-acbb-4f75-aefd-c2a2443cfff4}"
EndProject
Project("{e5416f30-5b12-40d8-8a54-ee88f172f29a}") = "LEDStrip_43", "LEDStrip_43\LEDStrip_43.csproj", "{c0478011-a511-4e24-b054-39a1ea4a8742}"
EndProject
Project("{e5416f30-5b12-40d8-8a54-ee88f172f29a}") = "LEDStrip_Tester", "LEDStrip_Tester\LEDStrip_Tester.csproj", "{603b300a-301e-4826-8b1c-44e4d46594a3}"
EndProject
Global
	GlobalSection(SolutionConfigurationPlatforms) = preSolution
		Debug|Any CPU = Debug|Any CPU
		Release|Any CPU = Release|Any CPU
	EndGlobalSection
	GlobalSection(ProjectConfigurationPlatforms) = postSolution
		{730334ff-acbb-4f75-aefd-c2a2443cfff4}.Debug|Any CPU.ActiveCfg = Debug|Any CPU
		{730334ff-acbb-4f75-aefd-c2a2443cfff4}.Debug|Any CPU.Build.0 = Debug|Any CPU
		{730334ff-acbb-4f75-aefd-c2a2443cfff4}.Release|Any CPU.ActiveCfg = Release|Any CPU
		{730334ff-acbb-4f75-aefd-c2a2443cfff4}.Release|Any CPU.Build.0 = Release|Any CPU
		{c0478011-a511-4e24-b054-39a1ea4a8742}.Debug|Any CPU.ActiveCfg = Debug|Any CPU
		{c0478011-a511-4e24-b054-39a1ea4a8742}.Debug|Any CPU.Build.0 = Debug|Any CPU
		{c0478011-a511-4e24-b054-39a1ea4a8742}.Release|Any CPU.ActiveCfg = Release|Any CPU
		{c0478011-a511-4e24-b054-39a1ea4a8742}.Release|Any CPU.Build.0 = Release|Any CPU
		{603b300a-301e-4826-8b1c-44e4d46594a3}.Debug|Any CPU.ActiveCfg = Debug|Any CPU
		{603b300a-301e-4826-8b1c-44e4d46594a3}.Debug|Any CPU.Build.0 = Debug|Any CPU
		{603b300a-301e-4826-8b1c-44e4d46594a3}.Release|Any CPU.ActiveCfg = Release|Any CPU
		{603b300a-301e-4826-8b1c-44e4d46594a3}.Release|Any CPU.Build.0 = Release|Any CPU
	EndGlobalSection
	GlobalSection(SolutionProperties) = preSolution
		HideSolutionNode = FALSE
	EndGlobalSection
EndGlobal
