
Microsoft Visual Studio Solution File, Format Version 11.00
# Visual Studio 2010
Project("{FAE04EC0-301F-11D3-BF4B-00C04F79EFBC}") = "Music_41", "Music\Music_41\Music_41.csproj", "{A788B54B-414B-49BE-9EFE-819EB3D27E21}"
EndProject
Project("{FAE04EC0-301F-11D3-BF4B-00C04F79EFBC}") = "Music_42", "Music\Music_42\Music_42.csproj", "{C14C8710-2C57-4070-B41C-1FB7EFF1C73E}"
EndProject
Project("{FAE04EC0-301F-11D3-BF4B-00C04F79EFBC}") = "Music", "Music\Music\Music.csproj", "{937817A4-EF22-4696-BD74-572C7D3A7108}"
EndProject
Global
	GlobalSection(SolutionConfigurationPlatforms) = preSolution
		Debug|Any CPU = Debug|Any CPU
		Release|Any CPU = Release|Any CPU
	EndGlobalSection
	GlobalSection(ProjectConfigurationPlatforms) = postSolution
		{A788B54B-414B-49BE-9EFE-819EB3D27E21}.Debug|Any CPU.ActiveCfg = Debug|Any CPU
		{A788B54B-414B-49BE-9EFE-819EB3D27E21}.Debug|Any CPU.Build.0 = Debug|Any CPU
		{A788B54B-414B-49BE-9EFE-819EB3D27E21}.Release|Any CPU.ActiveCfg = Release|Any CPU
		{A788B54B-414B-49BE-9EFE-819EB3D27E21}.Release|Any CPU.Build.0 = Release|Any CPU
		{C14C8710-2C57-4070-B41C-1FB7EFF1C73E}.Debug|Any CPU.ActiveCfg = Debug|Any CPU
		{C14C8710-2C57-4070-B41C-1FB7EFF1C73E}.Debug|Any CPU.Build.0 = Debug|Any CPU
		{C14C8710-2C57-4070-B41C-1FB7EFF1C73E}.Release|Any CPU.ActiveCfg = Release|Any CPU
		{C14C8710-2C57-4070-B41C-1FB7EFF1C73E}.Release|Any CPU.Build.0 = Release|Any CPU
		{937817A4-EF22-4696-BD74-572C7D3A7108}.Debug|Any CPU.ActiveCfg = Debug|Any CPU
		{937817A4-EF22-4696-BD74-572C7D3A7108}.Debug|Any CPU.Build.0 = Debug|Any CPU
		{937817A4-EF22-4696-BD74-572C7D3A7108}.Release|Any CPU.ActiveCfg = Release|Any CPU
		{937817A4-EF22-4696-BD74-572C7D3A7108}.Release|Any CPU.Build.0 = Release|Any CPU
	EndGlobalSection
	GlobalSection(SolutionProperties) = preSolution
		HideSolutionNode = FALSE
	EndGlobalSection
EndGlobal
