
Microsoft Visual Studio Solution File, Format Version 12.00
# Visual Studio Express 2012 for Windows Desktop
Project("{FAE04EC0-301F-11D3-BF4B-00C04F79EFBC}") = "AMPM35", "AMPM35\AMPM35.csproj", "{646DB0AD-95A9-4EFF-9A75-95D157E85483}"
EndProject
Project("{FAE04EC0-301F-11D3-BF4B-00C04F79EFBC}") = "AMPM35_42", "AMPM35_42\AMPM35_42.csproj", "{584E1AE2-27BD-405F-A27D-1C7B54CE958A}"
EndProject
Project("{FAE04EC0-301F-11D3-BF4B-00C04F79EFBC}") = "AMPM35_43", "AMPM35_43\AMPM35_43.csproj", "{F648189D-7F09-4D6B-850F-EFAF9AF3557A}"
EndProject
Project("{FAE04EC0-301F-11D3-BF4B-00C04F79EFBC}") = "AMPM35_Tester", "AMPM35_Tester\AMPM35_Tester.csproj", "{2EBAD8FA-3D90-4E0A-AE7B-323393A8DCE7}"
EndProject
Global
	GlobalSection(SolutionConfigurationPlatforms) = preSolution
		Debug|Any CPU = Debug|Any CPU
		Release|Any CPU = Release|Any CPU
	EndGlobalSection
	GlobalSection(ProjectConfigurationPlatforms) = postSolution
		{646DB0AD-95A9-4EFF-9A75-95D157E85483}.Debug|Any CPU.ActiveCfg = Debug|Any CPU
		{646DB0AD-95A9-4EFF-9A75-95D157E85483}.Debug|Any CPU.Build.0 = Debug|Any CPU
		{646DB0AD-95A9-4EFF-9A75-95D157E85483}.Release|Any CPU.ActiveCfg = Release|Any CPU
		{646DB0AD-95A9-4EFF-9A75-95D157E85483}.Release|Any CPU.Build.0 = Release|Any CPU
		{584E1AE2-27BD-405F-A27D-1C7B54CE958A}.Debug|Any CPU.ActiveCfg = Debug|Any CPU
		{584E1AE2-27BD-405F-A27D-1C7B54CE958A}.Debug|Any CPU.Build.0 = Debug|Any CPU
		{584E1AE2-27BD-405F-A27D-1C7B54CE958A}.Release|Any CPU.ActiveCfg = Release|Any CPU
		{584E1AE2-27BD-405F-A27D-1C7B54CE958A}.Release|Any CPU.Build.0 = Release|Any CPU
		{F648189D-7F09-4D6B-850F-EFAF9AF3557A}.Debug|Any CPU.ActiveCfg = Debug|Any CPU
		{F648189D-7F09-4D6B-850F-EFAF9AF3557A}.Debug|Any CPU.Build.0 = Debug|Any CPU
		{F648189D-7F09-4D6B-850F-EFAF9AF3557A}.Release|Any CPU.ActiveCfg = Release|Any CPU
		{F648189D-7F09-4D6B-850F-EFAF9AF3557A}.Release|Any CPU.Build.0 = Release|Any CPU
		{2EBAD8FA-3D90-4E0A-AE7B-323393A8DCE7}.Debug|Any CPU.ActiveCfg = Debug|Any CPU
		{2EBAD8FA-3D90-4E0A-AE7B-323393A8DCE7}.Debug|Any CPU.Build.0 = Debug|Any CPU
		{2EBAD8FA-3D90-4E0A-AE7B-323393A8DCE7}.Debug|Any CPU.Deploy.0 = Debug|Any CPU
		{2EBAD8FA-3D90-4E0A-AE7B-323393A8DCE7}.Release|Any CPU.ActiveCfg = Release|Any CPU
		{2EBAD8FA-3D90-4E0A-AE7B-323393A8DCE7}.Release|Any CPU.Build.0 = Release|Any CPU
		{2EBAD8FA-3D90-4E0A-AE7B-323393A8DCE7}.Release|Any CPU.Deploy.0 = Release|Any CPU
	EndGlobalSection
	GlobalSection(SolutionProperties) = preSolution
		HideSolutionNode = FALSE
	EndGlobalSection
EndGlobal
