
Microsoft Visual Studio Solution File, Format Version 12.00
# Visual Studio Express 2012 for Windows Desktop
Project("{FAE04EC0-301F-11D3-BF4B-00C04F79EFBC}") = "RelayX1", "RelayX1\RelayX1.csproj", "{BA984EC7-8CE2-4643-8012-72C3D703AD16}"
EndProject
Project("{FAE04EC0-301F-11D3-BF4B-00C04F79EFBC}") = "RelayX1_42", "RelayX1_42\RelayX1_42.csproj", "{AF0E7733-5619-419B-A1DC-23C50347735A}"
EndProject
Project("{FAE04EC0-301F-11D3-BF4B-00C04F79EFBC}") = "RelayX1_43", "RelayX1_43\RelayX1_43.csproj", "{4E28786F-C6A8-4FAD-9ACD-1BFBA04AA232}"
EndProject
Project("{FAE04EC0-301F-11D3-BF4B-00C04F79EFBC}") = "RelayX1_Tester", "RelayX1_Tester\RelayX1_Tester.csproj", "{5FAEC475-3F47-411C-A8D4-6586DF2BE21E}"
EndProject
Global
	GlobalSection(SolutionConfigurationPlatforms) = preSolution
		Debug|Any CPU = Debug|Any CPU
		Release|Any CPU = Release|Any CPU
	EndGlobalSection
	GlobalSection(ProjectConfigurationPlatforms) = postSolution
		{BA984EC7-8CE2-4643-8012-72C3D703AD16}.Debug|Any CPU.ActiveCfg = Debug|Any CPU
		{BA984EC7-8CE2-4643-8012-72C3D703AD16}.Debug|Any CPU.Build.0 = Debug|Any CPU
		{BA984EC7-8CE2-4643-8012-72C3D703AD16}.Release|Any CPU.ActiveCfg = Release|Any CPU
		{BA984EC7-8CE2-4643-8012-72C3D703AD16}.Release|Any CPU.Build.0 = Release|Any CPU
		{AF0E7733-5619-419B-A1DC-23C50347735A}.Debug|Any CPU.ActiveCfg = Debug|Any CPU
		{AF0E7733-5619-419B-A1DC-23C50347735A}.Debug|Any CPU.Build.0 = Debug|Any CPU
		{AF0E7733-5619-419B-A1DC-23C50347735A}.Release|Any CPU.ActiveCfg = Release|Any CPU
		{AF0E7733-5619-419B-A1DC-23C50347735A}.Release|Any CPU.Build.0 = Release|Any CPU
		{4E28786F-C6A8-4FAD-9ACD-1BFBA04AA232}.Debug|Any CPU.ActiveCfg = Debug|Any CPU
		{4E28786F-C6A8-4FAD-9ACD-1BFBA04AA232}.Debug|Any CPU.Build.0 = Debug|Any CPU
		{4E28786F-C6A8-4FAD-9ACD-1BFBA04AA232}.Release|Any CPU.ActiveCfg = Release|Any CPU
		{4E28786F-C6A8-4FAD-9ACD-1BFBA04AA232}.Release|Any CPU.Build.0 = Release|Any CPU
		{5FAEC475-3F47-411C-A8D4-6586DF2BE21E}.Debug|Any CPU.ActiveCfg = Debug|Any CPU
		{5FAEC475-3F47-411C-A8D4-6586DF2BE21E}.Debug|Any CPU.Build.0 = Debug|Any CPU
		{5FAEC475-3F47-411C-A8D4-6586DF2BE21E}.Debug|Any CPU.Deploy.0 = Debug|Any CPU
		{5FAEC475-3F47-411C-A8D4-6586DF2BE21E}.Release|Any CPU.ActiveCfg = Release|Any CPU
		{5FAEC475-3F47-411C-A8D4-6586DF2BE21E}.Release|Any CPU.Build.0 = Release|Any CPU
		{5FAEC475-3F47-411C-A8D4-6586DF2BE21E}.Release|Any CPU.Deploy.0 = Release|Any CPU
	EndGlobalSection
	GlobalSection(SolutionProperties) = preSolution
		HideSolutionNode = FALSE
	EndGlobalSection
EndGlobal
