
Microsoft Visual Studio Solution File, Format Version 11.00
# Visual Studio 2010
Project("{FAE04EC0-301F-11D3-BF4B-00C04F79EFBC}") = "IR Reciever_41", "IR Reciever\IR Reciever_41\IR Reciever_41.csproj", "{DFAF1AF8-C1A9-437D-A12D-503BDCA12498}"
EndProject
Project("{FAE04EC0-301F-11D3-BF4B-00C04F79EFBC}") = "IR Reciever_42", "IR Reciever\IR Reciever_42\IR Reciever_42.csproj", "{A3C0503E-8434-458B-A9A7-032F160C6E4B}"
EndProject
Project("{FAE04EC0-301F-11D3-BF4B-00C04F79EFBC}") = "IR Reciever", "IR Reciever\IR Reciever\IR Reciever.csproj", "{05B30D3F-5FA6-4C6F-B523-C5F7B2817F4C}"
EndProject
Global
	GlobalSection(SolutionConfigurationPlatforms) = preSolution
		Debug|Any CPU = Debug|Any CPU
		Release|Any CPU = Release|Any CPU
	EndGlobalSection
	GlobalSection(ProjectConfigurationPlatforms) = postSolution
		{DFAF1AF8-C1A9-437D-A12D-503BDCA12498}.Debug|Any CPU.ActiveCfg = Debug|Any CPU
		{DFAF1AF8-C1A9-437D-A12D-503BDCA12498}.Debug|Any CPU.Build.0 = Debug|Any CPU
		{DFAF1AF8-C1A9-437D-A12D-503BDCA12498}.Release|Any CPU.ActiveCfg = Release|Any CPU
		{DFAF1AF8-C1A9-437D-A12D-503BDCA12498}.Release|Any CPU.Build.0 = Release|Any CPU
		{A3C0503E-8434-458B-A9A7-032F160C6E4B}.Debug|Any CPU.ActiveCfg = Debug|Any CPU
		{A3C0503E-8434-458B-A9A7-032F160C6E4B}.Debug|Any CPU.Build.0 = Debug|Any CPU
		{A3C0503E-8434-458B-A9A7-032F160C6E4B}.Release|Any CPU.ActiveCfg = Release|Any CPU
		{A3C0503E-8434-458B-A9A7-032F160C6E4B}.Release|Any CPU.Build.0 = Release|Any CPU
		{05B30D3F-5FA6-4C6F-B523-C5F7B2817F4C}.Debug|Any CPU.ActiveCfg = Debug|Any CPU
		{05B30D3F-5FA6-4C6F-B523-C5F7B2817F4C}.Debug|Any CPU.Build.0 = Debug|Any CPU
		{05B30D3F-5FA6-4C6F-B523-C5F7B2817F4C}.Release|Any CPU.ActiveCfg = Release|Any CPU
		{05B30D3F-5FA6-4C6F-B523-C5F7B2817F4C}.Release|Any CPU.Build.0 = Release|Any CPU
	EndGlobalSection
	GlobalSection(SolutionProperties) = preSolution
		HideSolutionNode = FALSE
	EndGlobalSection
EndGlobal
