
Microsoft Visual Studio Solution File, Format Version 11.00
# Visual Studio 2010
Project("{FAE04EC0-301F-11D3-BF4B-00C04F79EFBC}") = "Tunes_41", "Tunes\Tunes_41\Tunes_41.csproj", "{E8229F34-4B43-4A84-A941-FA763C83DC67}"
EndProject
Project("{FAE04EC0-301F-11D3-BF4B-00C04F79EFBC}") = "Tunes_42", "Tunes\Tunes_42\Tunes_42.csproj", "{C5010C4C-50AF-4BCC-AE8D-43BB7FF58B44}"
EndProject
Project("{FAE04EC0-301F-11D3-BF4B-00C04F79EFBC}") = "Tunes", "Tunes\Tunes\Tunes.csproj", "{6234BFA1-AC45-4384-AD00-F825CA4553BD}"
EndProject
Project("{FAE04EC0-301F-11D3-BF4B-00C04F79EFBC}") = "TestApp", "..\TestApp\TestApp.csproj", "{49A184D5-F265-4929-A70F-4C47D7D9E899}"
EndProject
Global
	GlobalSection(SolutionConfigurationPlatforms) = preSolution
		Debug|Any CPU = Debug|Any CPU
		Release|Any CPU = Release|Any CPU
	EndGlobalSection
	GlobalSection(ProjectConfigurationPlatforms) = postSolution
		{E8229F34-4B43-4A84-A941-FA763C83DC67}.Debug|Any CPU.ActiveCfg = Debug|Any CPU
		{E8229F34-4B43-4A84-A941-FA763C83DC67}.Debug|Any CPU.Build.0 = Debug|Any CPU
		{E8229F34-4B43-4A84-A941-FA763C83DC67}.Release|Any CPU.ActiveCfg = Release|Any CPU
		{E8229F34-4B43-4A84-A941-FA763C83DC67}.Release|Any CPU.Build.0 = Release|Any CPU
		{C5010C4C-50AF-4BCC-AE8D-43BB7FF58B44}.Debug|Any CPU.ActiveCfg = Debug|Any CPU
		{C5010C4C-50AF-4BCC-AE8D-43BB7FF58B44}.Debug|Any CPU.Build.0 = Debug|Any CPU
		{C5010C4C-50AF-4BCC-AE8D-43BB7FF58B44}.Release|Any CPU.ActiveCfg = Release|Any CPU
		{C5010C4C-50AF-4BCC-AE8D-43BB7FF58B44}.Release|Any CPU.Build.0 = Release|Any CPU
		{6234BFA1-AC45-4384-AD00-F825CA4553BD}.Debug|Any CPU.ActiveCfg = Debug|Any CPU
		{6234BFA1-AC45-4384-AD00-F825CA4553BD}.Debug|Any CPU.Build.0 = Debug|Any CPU
		{6234BFA1-AC45-4384-AD00-F825CA4553BD}.Release|Any CPU.ActiveCfg = Release|Any CPU
		{6234BFA1-AC45-4384-AD00-F825CA4553BD}.Release|Any CPU.Build.0 = Release|Any CPU
		{49A184D5-F265-4929-A70F-4C47D7D9E899}.Debug|Any CPU.ActiveCfg = Debug|Any CPU
		{49A184D5-F265-4929-A70F-4C47D7D9E899}.Debug|Any CPU.Build.0 = Debug|Any CPU
		{49A184D5-F265-4929-A70F-4C47D7D9E899}.Debug|Any CPU.Deploy.0 = Debug|Any CPU
		{49A184D5-F265-4929-A70F-4C47D7D9E899}.Release|Any CPU.ActiveCfg = Release|Any CPU
		{49A184D5-F265-4929-A70F-4C47D7D9E899}.Release|Any CPU.Build.0 = Release|Any CPU
		{49A184D5-F265-4929-A70F-4C47D7D9E899}.Release|Any CPU.Deploy.0 = Release|Any CPU
	EndGlobalSection
	GlobalSection(SolutionProperties) = preSolution
		HideSolutionNode = FALSE
	EndGlobalSection
EndGlobal
