
Microsoft Visual Studio Solution File, Format Version 12.00
# Visual Studio Express 2012 for Windows Desktop
Project("{a62d07b5-7734-4a99-bb98-314bd7c94fae}") = "USBClientSP", "USBClientSP\USBClientSP.csproj", "{a936d394-4372-4dad-8b52-83f707c2dbf9}"
EndProject
Project("{a62d07b5-7734-4a99-bb98-314bd7c94fae}") = "USBClientSP_42", "USBClientSP_42\USBClientSP_42.csproj", "{079DC26B-422F-4B55-9768-82F37C7975F0}"
EndProject
Project("{a62d07b5-7734-4a99-bb98-314bd7c94fae}") = "USBClientSP_43", "USBClientSP_43\USBClientSP_43.csproj", "{6b439478-88a2-44a9-ab88-8b7096311511}"
EndProject
Project("{a62d07b5-7734-4a99-bb98-314bd7c94fae}") = "USBClientSP_Tester", "USBClientSP_Tester\USBClientSP_Tester.csproj", "{cf66b7b1-a94b-4aef-844e-4656f1d75273}"
EndProject
Global
	GlobalSection(SolutionConfigurationPlatforms) = preSolution
		Debug|Any CPU = Debug|Any CPU
		Release|Any CPU = Release|Any CPU
	EndGlobalSection
	GlobalSection(ProjectConfigurationPlatforms) = postSolution
		{079DC26B-422F-4B55-9768-82F37C7975F0}.Debug|Any CPU.ActiveCfg = Debug|Any CPU
		{079DC26B-422F-4B55-9768-82F37C7975F0}.Debug|Any CPU.Build.0 = Debug|Any CPU
		{079DC26B-422F-4B55-9768-82F37C7975F0}.Release|Any CPU.ActiveCfg = Release|Any CPU
		{079DC26B-422F-4B55-9768-82F37C7975F0}.Release|Any CPU.Build.0 = Release|Any CPU
		{a936d394-4372-4dad-8b52-83f707c2dbf9}.Debug|Any CPU.ActiveCfg = Debug|Any CPU
		{a936d394-4372-4dad-8b52-83f707c2dbf9}.Debug|Any CPU.Build.0 = Debug|Any CPU
		{a936d394-4372-4dad-8b52-83f707c2dbf9}.Release|Any CPU.ActiveCfg = Release|Any CPU
		{a936d394-4372-4dad-8b52-83f707c2dbf9}.Release|Any CPU.Build.0 = Release|Any CPU
		{6b439478-88a2-44a9-ab88-8b7096311511}.Debug|Any CPU.ActiveCfg = Debug|Any CPU
		{6b439478-88a2-44a9-ab88-8b7096311511}.Debug|Any CPU.Build.0 = Debug|Any CPU
		{6b439478-88a2-44a9-ab88-8b7096311511}.Release|Any CPU.ActiveCfg = Release|Any CPU
		{6b439478-88a2-44a9-ab88-8b7096311511}.Release|Any CPU.Build.0 = Release|Any CPU
		{cf66b7b1-a94b-4aef-844e-4656f1d75273}.Debug|Any CPU.ActiveCfg = Debug|Any CPU
		{cf66b7b1-a94b-4aef-844e-4656f1d75273}.Debug|Any CPU.Build.0 = Debug|Any CPU
		{cf66b7b1-a94b-4aef-844e-4656f1d75273}.Release|Any CPU.ActiveCfg = Release|Any CPU
		{cf66b7b1-a94b-4aef-844e-4656f1d75273}.Release|Any CPU.Build.0 = Release|Any CPU
	EndGlobalSection
	GlobalSection(SolutionProperties) = preSolution
		HideSolutionNode = FALSE
	EndGlobalSection
EndGlobal
