
Microsoft Visual Studio Solution File, Format Version 11.00
# Visual Studio 2010
Project("{FAE04EC0-301F-11D3-BF4B-00C04F79EFBC}") = "FEZtive_43", "FEZtive\FEZtive_43\FEZtive_43.csproj", "{0d946e36-6b45-40bf-ba59-45e08becf939}"
EndProject
Project("{FAE04EC0-301F-11D3-BF4B-00C04F79EFBC}") = "FEZtive_42", "FEZtive\FEZtive_42\FEZtive_42.csproj", "{856DD273-5727-4014-A04F-0BEF703D42B2}"
EndProject
Project("{FAE04EC0-301F-11D3-BF4B-00C04F79EFBC}") = "FEZtive", "FEZtive\FEZtive\FEZtive.csproj", "{417743CE-9288-4F08-AE16-7DCC695457B9}"
EndProject
Project("{FAE04EC0-301F-11D3-BF4B-00C04F79EFBC}") = "TestApp", "TestApp\TestApp.csproj", "{B82F7819-369F-4EF7-BF5F-34F0FF4C36BA}"
EndProject
Global
	GlobalSection(SolutionConfigurationPlatforms) = preSolution
		Debug|Any CPU = Debug|Any CPU
		Release|Any CPU = Release|Any CPU
	EndGlobalSection
	GlobalSection(ProjectConfigurationPlatforms) = postSolution
		{856DD273-5727-4014-A04F-0BEF703D42B2}.Debug|Any CPU.ActiveCfg = Debug|Any CPU
		{856DD273-5727-4014-A04F-0BEF703D42B2}.Debug|Any CPU.Build.0 = Debug|Any CPU
		{856DD273-5727-4014-A04F-0BEF703D42B2}.Release|Any CPU.ActiveCfg = Release|Any CPU
		{856DD273-5727-4014-A04F-0BEF703D42B2}.Release|Any CPU.Build.0 = Release|Any CPU
		{417743CE-9288-4F08-AE16-7DCC695457B9}.Debug|Any CPU.ActiveCfg = Debug|Any CPU
		{417743CE-9288-4F08-AE16-7DCC695457B9}.Debug|Any CPU.Build.0 = Debug|Any CPU
		{417743CE-9288-4F08-AE16-7DCC695457B9}.Release|Any CPU.ActiveCfg = Release|Any CPU
		{417743CE-9288-4F08-AE16-7DCC695457B9}.Release|Any CPU.Build.0 = Release|Any CPU
		{B82F7819-369F-4EF7-BF5F-34F0FF4C36BA}.Debug|Any CPU.ActiveCfg = Debug|Any CPU
		{B82F7819-369F-4EF7-BF5F-34F0FF4C36BA}.Debug|Any CPU.Build.0 = Debug|Any CPU
		{B82F7819-369F-4EF7-BF5F-34F0FF4C36BA}.Debug|Any CPU.Deploy.0 = Debug|Any CPU
		{B82F7819-369F-4EF7-BF5F-34F0FF4C36BA}.Release|Any CPU.ActiveCfg = Release|Any CPU
		{B82F7819-369F-4EF7-BF5F-34F0FF4C36BA}.Release|Any CPU.Build.0 = Release|Any CPU
		{B82F7819-369F-4EF7-BF5F-34F0FF4C36BA}.Release|Any CPU.Deploy.0 = Release|Any CPU
		{0d946e36-6b45-40bf-ba59-45e08becf939}.Debug|Any CPU.ActiveCfg = Debug|Any CPU
		{0d946e36-6b45-40bf-ba59-45e08becf939}.Debug|Any CPU.Build.0 = Debug|Any CPU
		{0d946e36-6b45-40bf-ba59-45e08becf939}.Release|Any CPU.ActiveCfg = Release|Any CPU
		{0d946e36-6b45-40bf-ba59-45e08becf939}.Release|Any CPU.Build.0 = Release|Any CPU
	EndGlobalSection
	GlobalSection(SolutionProperties) = preSolution
		HideSolutionNode = FALSE
	EndGlobalSection
EndGlobal
