
Microsoft Visual Studio Solution File, Format Version 12.00
# Visual Studio Express 2012 for Windows Desktop
Project("{42c071b4-aa75-4322-bd84-54b228e4da67}") = "SerialCameraL1", "SerialCameraL1\SerialCameraL1.csproj", "{a550908a-3da8-4bb0-9015-fd62994c14be}"
EndProject
Project("{42c071b4-aa75-4322-bd84-54b228e4da67}") = "SerialCameraL1_42", "SerialCameraL1_42\SerialCameraL1_42.csproj", "{55BDB1A1-DA5F-4423-84FA-40AFB2250C77}"
EndProject
Project("{42c071b4-aa75-4322-bd84-54b228e4da67}") = "SerialCameraL1_43", "SerialCameraL1_43\SerialCameraL1_43.csproj", "{4f2e1dee-4ecc-42fb-a742-976103c25391}"
EndProject
Project("{42c071b4-aa75-4322-bd84-54b228e4da67}") = "SerialCameraL1_Tester", "SerialCameraL1_Tester\SerialCameraL1_Tester.csproj", "{d2e71986-7387-4496-a465-d530a0a76dde}"
EndProject
Global
	GlobalSection(SolutionConfigurationPlatforms) = preSolution
		Debug|Any CPU = Debug|Any CPU
		Release|Any CPU = Release|Any CPU
	EndGlobalSection
	GlobalSection(ProjectConfigurationPlatforms) = postSolution
		{55BDB1A1-DA5F-4423-84FA-40AFB2250C77}.Debug|Any CPU.ActiveCfg = Debug|Any CPU
		{55BDB1A1-DA5F-4423-84FA-40AFB2250C77}.Debug|Any CPU.Build.0 = Debug|Any CPU
		{55BDB1A1-DA5F-4423-84FA-40AFB2250C77}.Release|Any CPU.ActiveCfg = Release|Any CPU
		{55BDB1A1-DA5F-4423-84FA-40AFB2250C77}.Release|Any CPU.Build.0 = Release|Any CPU
		{a550908a-3da8-4bb0-9015-fd62994c14be}.Debug|Any CPU.ActiveCfg = Debug|Any CPU
		{a550908a-3da8-4bb0-9015-fd62994c14be}.Debug|Any CPU.Build.0 = Debug|Any CPU
		{a550908a-3da8-4bb0-9015-fd62994c14be}.Release|Any CPU.ActiveCfg = Release|Any CPU
		{a550908a-3da8-4bb0-9015-fd62994c14be}.Release|Any CPU.Build.0 = Release|Any CPU
		{4f2e1dee-4ecc-42fb-a742-976103c25391}.Debug|Any CPU.ActiveCfg = Debug|Any CPU
		{4f2e1dee-4ecc-42fb-a742-976103c25391}.Debug|Any CPU.Build.0 = Debug|Any CPU
		{4f2e1dee-4ecc-42fb-a742-976103c25391}.Release|Any CPU.ActiveCfg = Release|Any CPU
		{4f2e1dee-4ecc-42fb-a742-976103c25391}.Release|Any CPU.Build.0 = Release|Any CPU
		{d2e71986-7387-4496-a465-d530a0a76dde}.Debug|Any CPU.ActiveCfg = Debug|Any CPU
		{d2e71986-7387-4496-a465-d530a0a76dde}.Debug|Any CPU.Build.0 = Debug|Any CPU
		{d2e71986-7387-4496-a465-d530a0a76dde}.Release|Any CPU.ActiveCfg = Release|Any CPU
		{d2e71986-7387-4496-a465-d530a0a76dde}.Release|Any CPU.Build.0 = Release|Any CPU
	EndGlobalSection
	GlobalSection(SolutionProperties) = preSolution
		HideSolutionNode = FALSE
	EndGlobalSection
EndGlobal
