
Microsoft Visual Studio Solution File, Format Version 11.00
# Visual Studio 2010
Project("{FAE04EC0-301F-11D3-BF4B-00C04F79EFBC}") = "Distance_US3_43", "Distance US3\Distance_US3_43\Distance_US3_43.csproj", "{cb4c3fce-6151-4643-958b-4680cfb11ccf}"
EndProject
Project("{FAE04EC0-301F-11D3-BF4B-00C04F79EFBC}") = "Distance_US3_42", "Distance US3\Distance_US3_42\Distance_US3_42.csproj", "{5B74CFD4-F73A-4B5C-9FB8-5CDC4A76FC29}"
EndProject
Project("{FAE04EC0-301F-11D3-BF4B-00C04F79EFBC}") = "Distance_US3", "Distance US3\Distance_US3\Distance_US3.csproj", "{1F5B1EE6-199D-48D9-8F90-48561A7B2E9E}"
EndProject
Global
	GlobalSection(SolutionConfigurationPlatforms) = preSolution
		Debug|Any CPU = Debug|Any CPU
		Release|Any CPU = Release|Any CPU
	EndGlobalSection
	GlobalSection(ProjectConfigurationPlatforms) = postSolution
		{5B74CFD4-F73A-4B5C-9FB8-5CDC4A76FC29}.Debug|Any CPU.ActiveCfg = Debug|Any CPU
		{5B74CFD4-F73A-4B5C-9FB8-5CDC4A76FC29}.Debug|Any CPU.Build.0 = Debug|Any CPU
		{5B74CFD4-F73A-4B5C-9FB8-5CDC4A76FC29}.Release|Any CPU.ActiveCfg = Release|Any CPU
		{5B74CFD4-F73A-4B5C-9FB8-5CDC4A76FC29}.Release|Any CPU.Build.0 = Release|Any CPU
		{1F5B1EE6-199D-48D9-8F90-48561A7B2E9E}.Debug|Any CPU.ActiveCfg = Debug|Any CPU
		{1F5B1EE6-199D-48D9-8F90-48561A7B2E9E}.Debug|Any CPU.Build.0 = Debug|Any CPU
		{1F5B1EE6-199D-48D9-8F90-48561A7B2E9E}.Release|Any CPU.ActiveCfg = Release|Any CPU
		{1F5B1EE6-199D-48D9-8F90-48561A7B2E9E}.Release|Any CPU.Build.0 = Release|Any CPU
		{cb4c3fce-6151-4643-958b-4680cfb11ccf}.Debug|Any CPU.ActiveCfg = Debug|Any CPU
		{cb4c3fce-6151-4643-958b-4680cfb11ccf}.Debug|Any CPU.Build.0 = Debug|Any CPU
		{cb4c3fce-6151-4643-958b-4680cfb11ccf}.Release|Any CPU.ActiveCfg = Release|Any CPU
		{cb4c3fce-6151-4643-958b-4680cfb11ccf}.Release|Any CPU.Build.0 = Release|Any CPU
	EndGlobalSection
	GlobalSection(SolutionProperties) = preSolution
		HideSolutionNode = FALSE
	EndGlobalSection
EndGlobal
