
Microsoft Visual Studio Solution File, Format Version 11.00
# Visual Studio 2010
Project("{FAE04EC0-301F-11D3-BF4B-00C04F79EFBC}") = "Breakout_41", "Breakout\Breakout_41\Breakout_41.csproj", "{B9DAE0EA-4481-46D6-8B0A-C65907665363}"
EndProject
Project("{FAE04EC0-301F-11D3-BF4B-00C04F79EFBC}") = "Breakout_42", "Breakout\Breakout_42\Breakout_42.csproj", "{C8AC3564-C5EF-4F89-9F0F-86408BFFD7B0}"
EndProject
Project("{FAE04EC0-301F-11D3-BF4B-00C04F79EFBC}") = "Breakout", "Breakout\Breakout\Breakout.csproj", "{413225B5-A357-41F3-9CD2-799AE1FEF251}"
EndProject
Global
	GlobalSection(SolutionConfigurationPlatforms) = preSolution
		Debug|Any CPU = Debug|Any CPU
		Release|Any CPU = Release|Any CPU
	EndGlobalSection
	GlobalSection(ProjectConfigurationPlatforms) = postSolution
		{B9DAE0EA-4481-46D6-8B0A-C65907665363}.Debug|Any CPU.ActiveCfg = Debug|Any CPU
		{B9DAE0EA-4481-46D6-8B0A-C65907665363}.Debug|Any CPU.Build.0 = Debug|Any CPU
		{B9DAE0EA-4481-46D6-8B0A-C65907665363}.Release|Any CPU.ActiveCfg = Release|Any CPU
		{B9DAE0EA-4481-46D6-8B0A-C65907665363}.Release|Any CPU.Build.0 = Release|Any CPU
		{C8AC3564-C5EF-4F89-9F0F-86408BFFD7B0}.Debug|Any CPU.ActiveCfg = Debug|Any CPU
		{C8AC3564-C5EF-4F89-9F0F-86408BFFD7B0}.Debug|Any CPU.Build.0 = Debug|Any CPU
		{C8AC3564-C5EF-4F89-9F0F-86408BFFD7B0}.Release|Any CPU.ActiveCfg = Release|Any CPU
		{C8AC3564-C5EF-4F89-9F0F-86408BFFD7B0}.Release|Any CPU.Build.0 = Release|Any CPU
		{413225B5-A357-41F3-9CD2-799AE1FEF251}.Debug|Any CPU.ActiveCfg = Debug|Any CPU
		{413225B5-A357-41F3-9CD2-799AE1FEF251}.Debug|Any CPU.Build.0 = Debug|Any CPU
		{413225B5-A357-41F3-9CD2-799AE1FEF251}.Release|Any CPU.ActiveCfg = Release|Any CPU
		{413225B5-A357-41F3-9CD2-799AE1FEF251}.Release|Any CPU.Build.0 = Release|Any CPU
	EndGlobalSection
	GlobalSection(SolutionProperties) = preSolution
		HideSolutionNode = FALSE
	EndGlobalSection
EndGlobal
