
Microsoft Visual Studio Solution File, Format Version 12.00
# Visual Studio Express 2012 for Windows Desktop
Project("{e1029c83-d91c-4c6b-b092-26766b17c5bb}") = "Extender", "Extender\Extender.csproj", "{75295ee2-abd6-4d6a-b47a-46955a87a4c1}"
EndProject
Project("{e1029c83-d91c-4c6b-b092-26766b17c5bb}") = "Extender_43", "Extender_43\Extender_43.csproj", "{02a841bc-2f06-4ec0-9459-d4aa6f13dd14}"
EndProject
Project("{e1029c83-d91c-4c6b-b092-26766b17c5bb}") = "Extender_Tester", "Extender_Tester\Extender_Tester.csproj", "{16cafd6a-4914-4b0c-bda8-a924a335f5d2}"
EndProject
Global
	GlobalSection(SolutionConfigurationPlatforms) = preSolution
		Debug|Any CPU = Debug|Any CPU
		Release|Any CPU = Release|Any CPU
	EndGlobalSection
	GlobalSection(ProjectConfigurationPlatforms) = postSolution
		{75295ee2-abd6-4d6a-b47a-46955a87a4c1}.Debug|Any CPU.ActiveCfg = Debug|Any CPU
		{75295ee2-abd6-4d6a-b47a-46955a87a4c1}.Debug|Any CPU.Build.0 = Debug|Any CPU
		{75295ee2-abd6-4d6a-b47a-46955a87a4c1}.Release|Any CPU.ActiveCfg = Release|Any CPU
		{75295ee2-abd6-4d6a-b47a-46955a87a4c1}.Release|Any CPU.Build.0 = Release|Any CPU
		{02a841bc-2f06-4ec0-9459-d4aa6f13dd14}.Debug|Any CPU.ActiveCfg = Debug|Any CPU
		{02a841bc-2f06-4ec0-9459-d4aa6f13dd14}.Debug|Any CPU.Build.0 = Debug|Any CPU
		{02a841bc-2f06-4ec0-9459-d4aa6f13dd14}.Release|Any CPU.ActiveCfg = Release|Any CPU
		{02a841bc-2f06-4ec0-9459-d4aa6f13dd14}.Release|Any CPU.Build.0 = Release|Any CPU
		{16cafd6a-4914-4b0c-bda8-a924a335f5d2}.Debug|Any CPU.ActiveCfg = Debug|Any CPU
		{16cafd6a-4914-4b0c-bda8-a924a335f5d2}.Debug|Any CPU.Build.0 = Debug|Any CPU
		{16cafd6a-4914-4b0c-bda8-a924a335f5d2}.Release|Any CPU.ActiveCfg = Release|Any CPU
		{16cafd6a-4914-4b0c-bda8-a924a335f5d2}.Release|Any CPU.Build.0 = Release|Any CPU
	EndGlobalSection
	GlobalSection(SolutionProperties) = preSolution
		HideSolutionNode = FALSE
	EndGlobalSection
EndGlobal
