
Microsoft Visual Studio Solution File, Format Version 11.00
# Visual Studio 2010
Project("{FAE04EC0-301F-11D3-BF4B-00C04F79EFBC}") = "RS232_43", "RS232\RS232_43\RS232_43.csproj", "{0728549c-578c-4fd0-9503-ea36b6c0dbae}"
EndProject
Project("{FAE04EC0-301F-11D3-BF4B-00C04F79EFBC}") = "RS232_42", "RS232\RS232_42\RS232_42.csproj", "{56D0C454-402C-4887-A396-19AFE8C71A03}"
EndProject
Project("{FAE04EC0-301F-11D3-BF4B-00C04F79EFBC}") = "RS232", "RS232\RS232\RS232.csproj", "{867D08E6-4291-4A69-8DB7-95AB1F0784BA}"
EndProject
Global
	GlobalSection(SolutionConfigurationPlatforms) = preSolution
		Debug|Any CPU = Debug|Any CPU
		Release|Any CPU = Release|Any CPU
	EndGlobalSection
	GlobalSection(ProjectConfigurationPlatforms) = postSolution
		{56D0C454-402C-4887-A396-19AFE8C71A03}.Debug|Any CPU.ActiveCfg = Debug|Any CPU
		{56D0C454-402C-4887-A396-19AFE8C71A03}.Debug|Any CPU.Build.0 = Debug|Any CPU
		{56D0C454-402C-4887-A396-19AFE8C71A03}.Release|Any CPU.ActiveCfg = Release|Any CPU
		{56D0C454-402C-4887-A396-19AFE8C71A03}.Release|Any CPU.Build.0 = Release|Any CPU
		{867D08E6-4291-4A69-8DB7-95AB1F0784BA}.Debug|Any CPU.ActiveCfg = Debug|Any CPU
		{867D08E6-4291-4A69-8DB7-95AB1F0784BA}.Debug|Any CPU.Build.0 = Debug|Any CPU
		{867D08E6-4291-4A69-8DB7-95AB1F0784BA}.Release|Any CPU.ActiveCfg = Release|Any CPU
		{867D08E6-4291-4A69-8DB7-95AB1F0784BA}.Release|Any CPU.Build.0 = Release|Any CPU
		{0728549c-578c-4fd0-9503-ea36b6c0dbae}.Debug|Any CPU.ActiveCfg = Debug|Any CPU
		{0728549c-578c-4fd0-9503-ea36b6c0dbae}.Debug|Any CPU.Build.0 = Debug|Any CPU
		{0728549c-578c-4fd0-9503-ea36b6c0dbae}.Release|Any CPU.ActiveCfg = Release|Any CPU
		{0728549c-578c-4fd0-9503-ea36b6c0dbae}.Release|Any CPU.Build.0 = Release|Any CPU
	EndGlobalSection
	GlobalSection(SolutionProperties) = preSolution
		HideSolutionNode = FALSE
	EndGlobalSection
EndGlobal
