
Microsoft Visual Studio Solution File, Format Version 12.00
# Visual Studio Express 2012 for Windows Desktop
Project("{3b8b5a1e-a647-4f18-9d91-54523c977176}") = "IO60P16", "IO60P16\IO60P16.csproj", "{daa6e6a9-dd23-4711-83bd-3205911706b3}"
EndProject
Project("{3b8b5a1e-a647-4f18-9d91-54523c977176}") = "IO60P16_43", "IO60P16_43\IO60P16_43.csproj", "{bf1db6e6-e4b7-4fca-b6f7-95e555aa4ebf}"
EndProject
Project("{3b8b5a1e-a647-4f18-9d91-54523c977176}") = "IO60P16_Tester", "IO60P16_Tester\IO60P16_Tester.csproj", "{3b01fd3e-11cd-4453-bf64-5771dcb87308}"
EndProject
Global
	GlobalSection(SolutionConfigurationPlatforms) = preSolution
		Debug|Any CPU = Debug|Any CPU
		Release|Any CPU = Release|Any CPU
	EndGlobalSection
	GlobalSection(ProjectConfigurationPlatforms) = postSolution
		{daa6e6a9-dd23-4711-83bd-3205911706b3}.Debug|Any CPU.ActiveCfg = Debug|Any CPU
		{daa6e6a9-dd23-4711-83bd-3205911706b3}.Debug|Any CPU.Build.0 = Debug|Any CPU
		{daa6e6a9-dd23-4711-83bd-3205911706b3}.Release|Any CPU.ActiveCfg = Release|Any CPU
		{daa6e6a9-dd23-4711-83bd-3205911706b3}.Release|Any CPU.Build.0 = Release|Any CPU
		{bf1db6e6-e4b7-4fca-b6f7-95e555aa4ebf}.Debug|Any CPU.ActiveCfg = Debug|Any CPU
		{bf1db6e6-e4b7-4fca-b6f7-95e555aa4ebf}.Debug|Any CPU.Build.0 = Debug|Any CPU
		{bf1db6e6-e4b7-4fca-b6f7-95e555aa4ebf}.Release|Any CPU.ActiveCfg = Release|Any CPU
		{bf1db6e6-e4b7-4fca-b6f7-95e555aa4ebf}.Release|Any CPU.Build.0 = Release|Any CPU
		{3b01fd3e-11cd-4453-bf64-5771dcb87308}.Debug|Any CPU.ActiveCfg = Debug|Any CPU
		{3b01fd3e-11cd-4453-bf64-5771dcb87308}.Debug|Any CPU.Build.0 = Debug|Any CPU
		{3b01fd3e-11cd-4453-bf64-5771dcb87308}.Release|Any CPU.ActiveCfg = Release|Any CPU
		{3b01fd3e-11cd-4453-bf64-5771dcb87308}.Release|Any CPU.Build.0 = Release|Any CPU
	EndGlobalSection
	GlobalSection(SolutionProperties) = preSolution
		HideSolutionNode = FALSE
	EndGlobalSection
EndGlobal
