
Microsoft Visual Studio Solution File, Format Version 12.00
# Visual Studio Express 2012 for Windows Desktop
Project("{f45b06a5-d4f1-4006-a31d-cc8af498c4f0}") = "Camera", "Camera\Camera.csproj", "{43f9363e-b1cc-4b00-a3dc-674e3be2acb9}"
EndProject
Project("{f45b06a5-d4f1-4006-a31d-cc8af498c4f0}") = "Camera_42", "Camera_42\Camera_42.csproj", "{BD5AA833-A411-47B8-AF57-458ED2806BB2}"
EndProject
Project("{f45b06a5-d4f1-4006-a31d-cc8af498c4f0}") = "Camera_43", "Camera_43\Camera_43.csproj", "{31e6533b-9d46-4cb4-9e3c-17ba190d93f3}"
EndProject
Project("{f45b06a5-d4f1-4006-a31d-cc8af498c4f0}") = "Camera_Tester", "Camera_Tester\Camera_Tester.csproj", "{03d85c99-d8ef-4d4f-a820-a502c9923333}"
EndProject
Global
	GlobalSection(SolutionConfigurationPlatforms) = preSolution
		Debug|Any CPU = Debug|Any CPU
		Release|Any CPU = Release|Any CPU
	EndGlobalSection
	GlobalSection(ProjectConfigurationPlatforms) = postSolution
		{BD5AA833-A411-47B8-AF57-458ED2806BB2}.Debug|Any CPU.ActiveCfg = Debug|Any CPU
		{BD5AA833-A411-47B8-AF57-458ED2806BB2}.Debug|Any CPU.Build.0 = Debug|Any CPU
		{BD5AA833-A411-47B8-AF57-458ED2806BB2}.Release|Any CPU.ActiveCfg = Release|Any CPU
		{BD5AA833-A411-47B8-AF57-458ED2806BB2}.Release|Any CPU.Build.0 = Release|Any CPU
		{43f9363e-b1cc-4b00-a3dc-674e3be2acb9}.Debug|Any CPU.ActiveCfg = Debug|Any CPU
		{43f9363e-b1cc-4b00-a3dc-674e3be2acb9}.Debug|Any CPU.Build.0 = Debug|Any CPU
		{43f9363e-b1cc-4b00-a3dc-674e3be2acb9}.Release|Any CPU.ActiveCfg = Release|Any CPU
		{43f9363e-b1cc-4b00-a3dc-674e3be2acb9}.Release|Any CPU.Build.0 = Release|Any CPU
		{31e6533b-9d46-4cb4-9e3c-17ba190d93f3}.Debug|Any CPU.ActiveCfg = Debug|Any CPU
		{31e6533b-9d46-4cb4-9e3c-17ba190d93f3}.Debug|Any CPU.Build.0 = Debug|Any CPU
		{31e6533b-9d46-4cb4-9e3c-17ba190d93f3}.Release|Any CPU.ActiveCfg = Release|Any CPU
		{31e6533b-9d46-4cb4-9e3c-17ba190d93f3}.Release|Any CPU.Build.0 = Release|Any CPU
		{03d85c99-d8ef-4d4f-a820-a502c9923333}.Debug|Any CPU.ActiveCfg = Debug|Any CPU
		{03d85c99-d8ef-4d4f-a820-a502c9923333}.Debug|Any CPU.Build.0 = Debug|Any CPU
		{03d85c99-d8ef-4d4f-a820-a502c9923333}.Release|Any CPU.ActiveCfg = Release|Any CPU
		{03d85c99-d8ef-4d4f-a820-a502c9923333}.Release|Any CPU.Build.0 = Release|Any CPU
	EndGlobalSection
	GlobalSection(SolutionProperties) = preSolution
		HideSolutionNode = FALSE
	EndGlobalSection
EndGlobal
