
Microsoft Visual Studio Solution File, Format Version 11.00
# Visual Studio 2010
Project("{FAE04EC0-301F-11D3-BF4B-00C04F79EFBC}") = "Thermocouple_41", "Thermocouple\Thermocouple_41\Thermocouple_41.csproj", "{B3D93D45-EF04-46FC-AE66-4E3DFBC46737}"
EndProject
Project("{FAE04EC0-301F-11D3-BF4B-00C04F79EFBC}") = "Thermocouple_42", "Thermocouple\Thermocouple_42\Thermocouple_42.csproj", "{278676AE-B8AB-4990-82A4-675221F60AB7}"
EndProject
Project("{FAE04EC0-301F-11D3-BF4B-00C04F79EFBC}") = "Thermocouple", "Thermocouple\Thermocouple\Thermocouple.csproj", "{31D58E5B-75E8-4222-826B-FD9CADD8A6A1}"
EndProject
Project("{FAE04EC0-301F-11D3-BF4B-00C04F79EFBC}") = "TestApp", "TestApp\TestApp.csproj", "{5E49550C-C970-44B1-9E99-3BE981B23AE5}"
EndProject
Global
	GlobalSection(SolutionConfigurationPlatforms) = preSolution
		Debug|Any CPU = Debug|Any CPU
		Release|Any CPU = Release|Any CPU
	EndGlobalSection
	GlobalSection(ProjectConfigurationPlatforms) = postSolution
		{B3D93D45-EF04-46FC-AE66-4E3DFBC46737}.Debug|Any CPU.ActiveCfg = Debug|Any CPU
		{B3D93D45-EF04-46FC-AE66-4E3DFBC46737}.Debug|Any CPU.Build.0 = Debug|Any CPU
		{B3D93D45-EF04-46FC-AE66-4E3DFBC46737}.Release|Any CPU.ActiveCfg = Release|Any CPU
		{B3D93D45-EF04-46FC-AE66-4E3DFBC46737}.Release|Any CPU.Build.0 = Release|Any CPU
		{278676AE-B8AB-4990-82A4-675221F60AB7}.Debug|Any CPU.ActiveCfg = Debug|Any CPU
		{278676AE-B8AB-4990-82A4-675221F60AB7}.Debug|Any CPU.Build.0 = Debug|Any CPU
		{278676AE-B8AB-4990-82A4-675221F60AB7}.Release|Any CPU.ActiveCfg = Release|Any CPU
		{278676AE-B8AB-4990-82A4-675221F60AB7}.Release|Any CPU.Build.0 = Release|Any CPU
		{31D58E5B-75E8-4222-826B-FD9CADD8A6A1}.Debug|Any CPU.ActiveCfg = Debug|Any CPU
		{31D58E5B-75E8-4222-826B-FD9CADD8A6A1}.Debug|Any CPU.Build.0 = Debug|Any CPU
		{31D58E5B-75E8-4222-826B-FD9CADD8A6A1}.Release|Any CPU.ActiveCfg = Release|Any CPU
		{31D58E5B-75E8-4222-826B-FD9CADD8A6A1}.Release|Any CPU.Build.0 = Release|Any CPU
		{5E49550C-C970-44B1-9E99-3BE981B23AE5}.Debug|Any CPU.ActiveCfg = Debug|Any CPU
		{5E49550C-C970-44B1-9E99-3BE981B23AE5}.Debug|Any CPU.Build.0 = Debug|Any CPU
		{5E49550C-C970-44B1-9E99-3BE981B23AE5}.Debug|Any CPU.Deploy.0 = Debug|Any CPU
		{5E49550C-C970-44B1-9E99-3BE981B23AE5}.Release|Any CPU.ActiveCfg = Release|Any CPU
		{5E49550C-C970-44B1-9E99-3BE981B23AE5}.Release|Any CPU.Build.0 = Release|Any CPU
		{5E49550C-C970-44B1-9E99-3BE981B23AE5}.Release|Any CPU.Deploy.0 = Release|Any CPU
	EndGlobalSection
	GlobalSection(SolutionProperties) = preSolution
		HideSolutionNode = FALSE
	EndGlobalSection
EndGlobal
