
Microsoft Visual Studio Solution File, Format Version 12.00
# Visual Studio Express 2012 for Windows Desktop
Project("{795aeafc-081a-4bae-85ed-79b4893c3947}") = "G120HDR", "G120HDR\G120HDR.csproj", "{a62a0467-d8b4-4228-98ab-3b97a0cff9ea}"
EndProject
Project("{795aeafc-081a-4bae-85ed-79b4893c3947}") = "G120HDR_43", "G120HDR_43\G120HDR_43.csproj", "{976449b3-5cda-42c8-a453-46382fd3b2dc}"
EndProject
Project("{795aeafc-081a-4bae-85ed-79b4893c3947}") = "G120HDR_Tester", "G120HDR_Tester\G120HDR_Tester.csproj", "{a0e22339-66f4-4615-889f-ff625a1c0c7d}"
EndProject
Global
	GlobalSection(SolutionConfigurationPlatforms) = preSolution
		Debug|Any CPU = Debug|Any CPU
		Release|Any CPU = Release|Any CPU
	EndGlobalSection
	GlobalSection(ProjectConfigurationPlatforms) = postSolution
		{a62a0467-d8b4-4228-98ab-3b97a0cff9ea}.Debug|Any CPU.ActiveCfg = Debug|Any CPU
		{a62a0467-d8b4-4228-98ab-3b97a0cff9ea}.Debug|Any CPU.Build.0 = Debug|Any CPU
		{a62a0467-d8b4-4228-98ab-3b97a0cff9ea}.Release|Any CPU.ActiveCfg = Release|Any CPU
		{a62a0467-d8b4-4228-98ab-3b97a0cff9ea}.Release|Any CPU.Build.0 = Release|Any CPU
		{976449b3-5cda-42c8-a453-46382fd3b2dc}.Debug|Any CPU.ActiveCfg = Debug|Any CPU
		{976449b3-5cda-42c8-a453-46382fd3b2dc}.Debug|Any CPU.Build.0 = Debug|Any CPU
		{976449b3-5cda-42c8-a453-46382fd3b2dc}.Release|Any CPU.ActiveCfg = Release|Any CPU
		{976449b3-5cda-42c8-a453-46382fd3b2dc}.Release|Any CPU.Build.0 = Release|Any CPU
		{a0e22339-66f4-4615-889f-ff625a1c0c7d}.Debug|Any CPU.ActiveCfg = Debug|Any CPU
		{a0e22339-66f4-4615-889f-ff625a1c0c7d}.Debug|Any CPU.Build.0 = Debug|Any CPU
		{a0e22339-66f4-4615-889f-ff625a1c0c7d}.Release|Any CPU.ActiveCfg = Release|Any CPU
		{a0e22339-66f4-4615-889f-ff625a1c0c7d}.Release|Any CPU.Build.0 = Release|Any CPU
	EndGlobalSection
	GlobalSection(SolutionProperties) = preSolution
		HideSolutionNode = FALSE
	EndGlobalSection
EndGlobal
