
Microsoft Visual Studio Solution File, Format Version 12.00
# Visual Studio Express 2012 for Windows Desktop
Project("{FAE04EC0-301F-11D3-BF4B-00C04F79EFBC}") = "DisplayN18", "DisplayN18\DisplayN18.csproj", "{84E1194C-19FB-401A-BF0D-9BE05A702196}"
EndProject
Project("{FAE04EC0-301F-11D3-BF4B-00C04F79EFBC}") = "DisplayN18_42", "DisplayN18_42\DisplayN18_42.csproj", "{2AD1DBBD-0E3C-4CC1-9BDC-23BF527E15A5}"
EndProject
Project("{FAE04EC0-301F-11D3-BF4B-00C04F79EFBC}") = "DisplayN18_43", "DisplayN18_43\DisplayN18_43.csproj", "{6EF2BA05-D3BF-4721-9E75-DC5809E95CE3}"
EndProject
Project("{FAE04EC0-301F-11D3-BF4B-00C04F79EFBC}") = "DisplayN18_Tester", "DisplayN18_Tester\DisplayN18_Tester.csproj", "{AC177F05-60D0-40A7-A2BA-0B1A9DADEE8D}"
EndProject
Global
	GlobalSection(SolutionConfigurationPlatforms) = preSolution
		Debug|Any CPU = Debug|Any CPU
		Release|Any CPU = Release|Any CPU
	EndGlobalSection
	GlobalSection(ProjectConfigurationPlatforms) = postSolution
		{84E1194C-19FB-401A-BF0D-9BE05A702196}.Debug|Any CPU.ActiveCfg = Debug|Any CPU
		{84E1194C-19FB-401A-BF0D-9BE05A702196}.Debug|Any CPU.Build.0 = Debug|Any CPU
		{84E1194C-19FB-401A-BF0D-9BE05A702196}.Release|Any CPU.ActiveCfg = Release|Any CPU
		{84E1194C-19FB-401A-BF0D-9BE05A702196}.Release|Any CPU.Build.0 = Release|Any CPU
		{2AD1DBBD-0E3C-4CC1-9BDC-23BF527E15A5}.Debug|Any CPU.ActiveCfg = Debug|Any CPU
		{2AD1DBBD-0E3C-4CC1-9BDC-23BF527E15A5}.Debug|Any CPU.Build.0 = Debug|Any CPU
		{2AD1DBBD-0E3C-4CC1-9BDC-23BF527E15A5}.Release|Any CPU.ActiveCfg = Release|Any CPU
		{2AD1DBBD-0E3C-4CC1-9BDC-23BF527E15A5}.Release|Any CPU.Build.0 = Release|Any CPU
		{6EF2BA05-D3BF-4721-9E75-DC5809E95CE3}.Debug|Any CPU.ActiveCfg = Debug|Any CPU
		{6EF2BA05-D3BF-4721-9E75-DC5809E95CE3}.Debug|Any CPU.Build.0 = Debug|Any CPU
		{6EF2BA05-D3BF-4721-9E75-DC5809E95CE3}.Release|Any CPU.ActiveCfg = Release|Any CPU
		{6EF2BA05-D3BF-4721-9E75-DC5809E95CE3}.Release|Any CPU.Build.0 = Release|Any CPU
		{AC177F05-60D0-40A7-A2BA-0B1A9DADEE8D}.Debug|Any CPU.ActiveCfg = Debug|Any CPU
		{AC177F05-60D0-40A7-A2BA-0B1A9DADEE8D}.Debug|Any CPU.Build.0 = Debug|Any CPU
		{AC177F05-60D0-40A7-A2BA-0B1A9DADEE8D}.Debug|Any CPU.Deploy.0 = Debug|Any CPU
		{AC177F05-60D0-40A7-A2BA-0B1A9DADEE8D}.Release|Any CPU.ActiveCfg = Release|Any CPU
		{AC177F05-60D0-40A7-A2BA-0B1A9DADEE8D}.Release|Any CPU.Build.0 = Release|Any CPU
		{AC177F05-60D0-40A7-A2BA-0B1A9DADEE8D}.Release|Any CPU.Deploy.0 = Release|Any CPU
	EndGlobalSection
	GlobalSection(SolutionProperties) = preSolution
		HideSolutionNode = FALSE
	EndGlobalSection
EndGlobal
