
Microsoft Visual Studio Solution File, Format Version 11.00
# Visual Studio 2010
Project("{FAE04EC0-301F-11D3-BF4B-00C04F79EFBC}") = "FEZSpider_II_42", "FEZSpider II\FEZSpider_II_42\FEZSpider_II_42.csproj", "{D017E7BE-7C55-407F-BEBD-85995995D7B7}"
EndProject
Project("{FAE04EC0-301F-11D3-BF4B-00C04F79EFBC}") = "FEZSpider_II", "FEZSpider II\FEZSpider_II\FEZSpider_II.csproj", "{CDC1CB6E-FD93-43F9-AFD0-502B6AAAEFE8}"
EndProject
Global
	GlobalSection(SolutionConfigurationPlatforms) = preSolution
		Debug|Any CPU = Debug|Any CPU
		Release|Any CPU = Release|Any CPU
	EndGlobalSection
	GlobalSection(ProjectConfigurationPlatforms) = postSolution
		{D017E7BE-7C55-407F-BEBD-85995995D7B7}.Debug|Any CPU.ActiveCfg = Debug|Any CPU
		{D017E7BE-7C55-407F-BEBD-85995995D7B7}.Debug|Any CPU.Build.0 = Debug|Any CPU
		{D017E7BE-7C55-407F-BEBD-85995995D7B7}.Release|Any CPU.ActiveCfg = Release|Any CPU
		{D017E7BE-7C55-407F-BEBD-85995995D7B7}.Release|Any CPU.Build.0 = Release|Any CPU
		{CDC1CB6E-FD93-43F9-AFD0-502B6AAAEFE8}.Debug|Any CPU.ActiveCfg = Debug|Any CPU
		{CDC1CB6E-FD93-43F9-AFD0-502B6AAAEFE8}.Debug|Any CPU.Build.0 = Debug|Any CPU
		{CDC1CB6E-FD93-43F9-AFD0-502B6AAAEFE8}.Release|Any CPU.ActiveCfg = Release|Any CPU
		{CDC1CB6E-FD93-43F9-AFD0-502B6AAAEFE8}.Release|Any CPU.Build.0 = Release|Any CPU
	EndGlobalSection
	GlobalSection(SolutionProperties) = preSolution
		HideSolutionNode = FALSE
	EndGlobalSection
EndGlobal
