
Microsoft Visual Studio Solution File, Format Version 11.00
# Visual Studio 2010
Project("{FAE04EC0-301F-11D3-BF4B-00C04F79EFBC}") = "Video_Out_41", "Video_Out\Video_Out_41\Video_Out_41.csproj", "{D08A469E-20E5-4CAC-B49B-B6AEC67F24BA}"
EndProject
Project("{FAE04EC0-301F-11D3-BF4B-00C04F79EFBC}") = "Video_Out_42", "Video_Out\Video_Out_42\Video_Out_42.csproj", "{AFBA55B1-FFFC-4C68-9353-B4AD33412059}"
EndProject
Project("{FAE04EC0-301F-11D3-BF4B-00C04F79EFBC}") = "Video_Out", "Video_Out\Video_Out\Video_Out.csproj", "{79F080BC-BC1C-421A-92FC-A7535BAD64F4}"
EndProject
Global
	GlobalSection(SolutionConfigurationPlatforms) = preSolution
		Debug|Any CPU = Debug|Any CPU
		Release|Any CPU = Release|Any CPU
	EndGlobalSection
	GlobalSection(ProjectConfigurationPlatforms) = postSolution
		{D08A469E-20E5-4CAC-B49B-B6AEC67F24BA}.Debug|Any CPU.ActiveCfg = Debug|Any CPU
		{D08A469E-20E5-4CAC-B49B-B6AEC67F24BA}.Debug|Any CPU.Build.0 = Debug|Any CPU
		{D08A469E-20E5-4CAC-B49B-B6AEC67F24BA}.Release|Any CPU.ActiveCfg = Release|Any CPU
		{D08A469E-20E5-4CAC-B49B-B6AEC67F24BA}.Release|Any CPU.Build.0 = Release|Any CPU
		{AFBA55B1-FFFC-4C68-9353-B4AD33412059}.Debug|Any CPU.ActiveCfg = Debug|Any CPU
		{AFBA55B1-FFFC-4C68-9353-B4AD33412059}.Debug|Any CPU.Build.0 = Debug|Any CPU
		{AFBA55B1-FFFC-4C68-9353-B4AD33412059}.Release|Any CPU.ActiveCfg = Release|Any CPU
		{AFBA55B1-FFFC-4C68-9353-B4AD33412059}.Release|Any CPU.Build.0 = Release|Any CPU
		{79F080BC-BC1C-421A-92FC-A7535BAD64F4}.Debug|Any CPU.ActiveCfg = Debug|Any CPU
		{79F080BC-BC1C-421A-92FC-A7535BAD64F4}.Debug|Any CPU.Build.0 = Debug|Any CPU
		{79F080BC-BC1C-421A-92FC-A7535BAD64F4}.Release|Any CPU.ActiveCfg = Release|Any CPU
		{79F080BC-BC1C-421A-92FC-A7535BAD64F4}.Release|Any CPU.Build.0 = Release|Any CPU
	EndGlobalSection
	GlobalSection(SolutionProperties) = preSolution
		HideSolutionNode = FALSE
	EndGlobalSection
EndGlobal
