
Microsoft Visual Studio Solution File, Format Version 12.00
# Visual Studio Express 2012 for Windows Desktop
Project("{FAE04EC0-301F-11D3-BF4B-00C04F79EFBC}") = "DisplayT43", "DisplayT43\DisplayT43.csproj", "{49A3CCA1-A18A-4A3D-B05C-F35ADB85B3C2}"
EndProject
Project("{FAE04EC0-301F-11D3-BF4B-00C04F79EFBC}") = "DisplayT43_42", "DisplayT43_42\DisplayT43_42.csproj", "{650737F8-A2AD-4EB0-B22F-16442AF79272}"
EndProject
Project("{FAE04EC0-301F-11D3-BF4B-00C04F79EFBC}") = "DisplayT43_43", "DisplayT43_43\DisplayT43_43.csproj", "{4A04560C-0FD2-4D91-A3D3-4ACBD95D2A4B}"
EndProject
Project("{FAE04EC0-301F-11D3-BF4B-00C04F79EFBC}") = "DisplayT43_Tester", "DisplayT43_Tester\DisplayT43_Tester.csproj", "{E76C915C-089A-4701-AFBA-449AF9F846CF}"
EndProject
Global
	GlobalSection(SolutionConfigurationPlatforms) = preSolution
		Debug|Any CPU = Debug|Any CPU
		Release|Any CPU = Release|Any CPU
	EndGlobalSection
	GlobalSection(ProjectConfigurationPlatforms) = postSolution
		{49A3CCA1-A18A-4A3D-B05C-F35ADB85B3C2}.Debug|Any CPU.ActiveCfg = Debug|Any CPU
		{49A3CCA1-A18A-4A3D-B05C-F35ADB85B3C2}.Debug|Any CPU.Build.0 = Debug|Any CPU
		{49A3CCA1-A18A-4A3D-B05C-F35ADB85B3C2}.Release|Any CPU.ActiveCfg = Release|Any CPU
		{49A3CCA1-A18A-4A3D-B05C-F35ADB85B3C2}.Release|Any CPU.Build.0 = Release|Any CPU
		{650737F8-A2AD-4EB0-B22F-16442AF79272}.Debug|Any CPU.ActiveCfg = Debug|Any CPU
		{650737F8-A2AD-4EB0-B22F-16442AF79272}.Debug|Any CPU.Build.0 = Debug|Any CPU
		{650737F8-A2AD-4EB0-B22F-16442AF79272}.Release|Any CPU.ActiveCfg = Release|Any CPU
		{650737F8-A2AD-4EB0-B22F-16442AF79272}.Release|Any CPU.Build.0 = Release|Any CPU
		{4A04560C-0FD2-4D91-A3D3-4ACBD95D2A4B}.Debug|Any CPU.ActiveCfg = Debug|Any CPU
		{4A04560C-0FD2-4D91-A3D3-4ACBD95D2A4B}.Debug|Any CPU.Build.0 = Debug|Any CPU
		{4A04560C-0FD2-4D91-A3D3-4ACBD95D2A4B}.Release|Any CPU.ActiveCfg = Release|Any CPU
		{4A04560C-0FD2-4D91-A3D3-4ACBD95D2A4B}.Release|Any CPU.Build.0 = Release|Any CPU
		{E76C915C-089A-4701-AFBA-449AF9F846CF}.Debug|Any CPU.ActiveCfg = Debug|Any CPU
		{E76C915C-089A-4701-AFBA-449AF9F846CF}.Debug|Any CPU.Build.0 = Debug|Any CPU
		{E76C915C-089A-4701-AFBA-449AF9F846CF}.Debug|Any CPU.Deploy.0 = Debug|Any CPU
		{E76C915C-089A-4701-AFBA-449AF9F846CF}.Release|Any CPU.ActiveCfg = Release|Any CPU
		{E76C915C-089A-4701-AFBA-449AF9F846CF}.Release|Any CPU.Build.0 = Release|Any CPU
		{E76C915C-089A-4701-AFBA-449AF9F846CF}.Release|Any CPU.Deploy.0 = Release|Any CPU
	EndGlobalSection
	GlobalSection(SolutionProperties) = preSolution
		HideSolutionNode = FALSE
	EndGlobalSection
EndGlobal
