
Microsoft Visual Studio Solution File, Format Version 11.00
# Visual Studio 2010
Project("{FAE04EC0-301F-11D3-BF4B-00C04F79EFBC}") = "MotorControllerL298_43", "MotorControllerL298\MotorControllerL298_43\MotorControllerL298_43.csproj", "{e6fd4351-fe9a-4558-b432-5c3bc1604877}"
EndProject
Project("{FAE04EC0-301F-11D3-BF4B-00C04F79EFBC}") = "MotorControllerL298_42", "MotorControllerL298\MotorControllerL298_42\MotorControllerL298_42.csproj", "{5AC3BF14-9871-4E3E-B941-250E8808BF32}"
EndProject
Project("{FAE04EC0-301F-11D3-BF4B-00C04F79EFBC}") = "MotorControllerL298", "MotorControllerL298\MotorControllerL298\MotorControllerL298.csproj", "{D1A5D4C9-BD9E-47CB-B3ED-0891082F4B81}"
EndProject
Global
	GlobalSection(SolutionConfigurationPlatforms) = preSolution
		Debug|Any CPU = Debug|Any CPU
		Release|Any CPU = Release|Any CPU
	EndGlobalSection
	GlobalSection(ProjectConfigurationPlatforms) = postSolution
		{5AC3BF14-9871-4E3E-B941-250E8808BF32}.Debug|Any CPU.ActiveCfg = Debug|Any CPU
		{5AC3BF14-9871-4E3E-B941-250E8808BF32}.Debug|Any CPU.Build.0 = Debug|Any CPU
		{5AC3BF14-9871-4E3E-B941-250E8808BF32}.Release|Any CPU.ActiveCfg = Release|Any CPU
		{5AC3BF14-9871-4E3E-B941-250E8808BF32}.Release|Any CPU.Build.0 = Release|Any CPU
		{D1A5D4C9-BD9E-47CB-B3ED-0891082F4B81}.Debug|Any CPU.ActiveCfg = Debug|Any CPU
		{D1A5D4C9-BD9E-47CB-B3ED-0891082F4B81}.Debug|Any CPU.Build.0 = Debug|Any CPU
		{D1A5D4C9-BD9E-47CB-B3ED-0891082F4B81}.Release|Any CPU.ActiveCfg = Release|Any CPU
		{D1A5D4C9-BD9E-47CB-B3ED-0891082F4B81}.Release|Any CPU.Build.0 = Release|Any CPU
		{e6fd4351-fe9a-4558-b432-5c3bc1604877}.Debug|Any CPU.ActiveCfg = Debug|Any CPU
		{e6fd4351-fe9a-4558-b432-5c3bc1604877}.Debug|Any CPU.Build.0 = Debug|Any CPU
		{e6fd4351-fe9a-4558-b432-5c3bc1604877}.Release|Any CPU.ActiveCfg = Release|Any CPU
		{e6fd4351-fe9a-4558-b432-5c3bc1604877}.Release|Any CPU.Build.0 = Release|Any CPU
	EndGlobalSection
	GlobalSection(SolutionProperties) = preSolution
		HideSolutionNode = FALSE
	EndGlobalSection
EndGlobal
