
Microsoft Visual Studio Solution File, Format Version 12.00
# Visual Studio Express 2012 for Windows Desktop
Project("{FAE04EC0-301F-11D3-BF4B-00C04F79EFBC}") = "LightSense", "LightSense\LightSense.csproj", "{59238E30-51E6-40AF-9E28-4C2B9BF1AD6F}"
EndProject
Project("{FAE04EC0-301F-11D3-BF4B-00C04F79EFBC}") = "LightSense_42", "LightSense_42\LightSense_42.csproj", "{5A05C20E-8407-470B-BDB4-9F0271518DF0}"
EndProject
Project("{FAE04EC0-301F-11D3-BF4B-00C04F79EFBC}") = "LightSense_43", "LightSense_43\LightSense_43.csproj", "{890244DF-004F-4E3E-AFE7-DE1CE902DEC1}"
EndProject
Project("{FAE04EC0-301F-11D3-BF4B-00C04F79EFBC}") = "LightSense_Tester", "LightSense_Tester\LightSense_Tester.csproj", "{B9FE7CC3-1750-4149-8121-2EFF4EC8F131}"
EndProject
Project("{FAE04EC0-301F-11D3-BF4B-00C04F79EFBC}") = "DisplayT43_43", "..\DisplayT43\DisplayT43_43\DisplayT43_43.csproj", "{4A04560C-0FD2-4D91-A3D3-4ACBD95D2A4B}"
EndProject
Global
	GlobalSection(SolutionConfigurationPlatforms) = preSolution
		Debug|Any CPU = Debug|Any CPU
		Release|Any CPU = Release|Any CPU
	EndGlobalSection
	GlobalSection(ProjectConfigurationPlatforms) = postSolution
		{59238E30-51E6-40AF-9E28-4C2B9BF1AD6F}.Debug|Any CPU.ActiveCfg = Debug|Any CPU
		{59238E30-51E6-40AF-9E28-4C2B9BF1AD6F}.Debug|Any CPU.Build.0 = Debug|Any CPU
		{59238E30-51E6-40AF-9E28-4C2B9BF1AD6F}.Release|Any CPU.ActiveCfg = Release|Any CPU
		{59238E30-51E6-40AF-9E28-4C2B9BF1AD6F}.Release|Any CPU.Build.0 = Release|Any CPU
		{5A05C20E-8407-470B-BDB4-9F0271518DF0}.Debug|Any CPU.ActiveCfg = Debug|Any CPU
		{5A05C20E-8407-470B-BDB4-9F0271518DF0}.Debug|Any CPU.Build.0 = Debug|Any CPU
		{5A05C20E-8407-470B-BDB4-9F0271518DF0}.Release|Any CPU.ActiveCfg = Release|Any CPU
		{5A05C20E-8407-470B-BDB4-9F0271518DF0}.Release|Any CPU.Build.0 = Release|Any CPU
		{890244DF-004F-4E3E-AFE7-DE1CE902DEC1}.Debug|Any CPU.ActiveCfg = Debug|Any CPU
		{890244DF-004F-4E3E-AFE7-DE1CE902DEC1}.Debug|Any CPU.Build.0 = Debug|Any CPU
		{890244DF-004F-4E3E-AFE7-DE1CE902DEC1}.Release|Any CPU.ActiveCfg = Release|Any CPU
		{890244DF-004F-4E3E-AFE7-DE1CE902DEC1}.Release|Any CPU.Build.0 = Release|Any CPU
		{B9FE7CC3-1750-4149-8121-2EFF4EC8F131}.Debug|Any CPU.ActiveCfg = Debug|Any CPU
		{B9FE7CC3-1750-4149-8121-2EFF4EC8F131}.Debug|Any CPU.Build.0 = Debug|Any CPU
		{B9FE7CC3-1750-4149-8121-2EFF4EC8F131}.Debug|Any CPU.Deploy.0 = Debug|Any CPU
		{B9FE7CC3-1750-4149-8121-2EFF4EC8F131}.Release|Any CPU.ActiveCfg = Release|Any CPU
		{B9FE7CC3-1750-4149-8121-2EFF4EC8F131}.Release|Any CPU.Build.0 = Release|Any CPU
		{B9FE7CC3-1750-4149-8121-2EFF4EC8F131}.Release|Any CPU.Deploy.0 = Release|Any CPU
		{4A04560C-0FD2-4D91-A3D3-4ACBD95D2A4B}.Debug|Any CPU.ActiveCfg = Debug|Any CPU
		{4A04560C-0FD2-4D91-A3D3-4ACBD95D2A4B}.Debug|Any CPU.Build.0 = Debug|Any CPU
		{4A04560C-0FD2-4D91-A3D3-4ACBD95D2A4B}.Release|Any CPU.ActiveCfg = Release|Any CPU
		{4A04560C-0FD2-4D91-A3D3-4ACBD95D2A4B}.Release|Any CPU.Build.0 = Release|Any CPU
	EndGlobalSection
	GlobalSection(SolutionProperties) = preSolution
		HideSolutionNode = FALSE
	EndGlobalSection
EndGlobal
