
Microsoft Visual Studio Solution File, Format Version 12.00
# Visual Studio Express 2012 for Windows Desktop
Project("{4c7024b9-15b2-45f3-a98a-7a3ae5189cec}") = "DAQ8B", "DAQ8B\DAQ8B.csproj", "{3947e7b6-66c4-40dc-b2e6-b6d35058a8ad}"
EndProject
Project("{4c7024b9-15b2-45f3-a98a-7a3ae5189cec}") = "DAQ8B_42", "DAQ8B_42\DAQ8B_42.csproj", "{4C26A9EB-7B92-4512-845A-DB7A5F527888}"
EndProject
Project("{4c7024b9-15b2-45f3-a98a-7a3ae5189cec}") = "DAQ8B_43", "DAQ8B_43\DAQ8B_43.csproj", "{90a231bb-c987-4bcd-ba0f-8723ec1bc930}"
EndProject
Project("{4c7024b9-15b2-45f3-a98a-7a3ae5189cec}") = "DAQ8B_Tester", "DAQ8B_Tester\DAQ8B_Tester.csproj", "{6be12a92-3f4a-4e97-86ab-798e7d30ceb8}"
EndProject
Global
	GlobalSection(SolutionConfigurationPlatforms) = preSolution
		Debug|Any CPU = Debug|Any CPU
		Release|Any CPU = Release|Any CPU
	EndGlobalSection
	GlobalSection(ProjectConfigurationPlatforms) = postSolution
		{4C26A9EB-7B92-4512-845A-DB7A5F527888}.Debug|Any CPU.ActiveCfg = Debug|Any CPU
		{4C26A9EB-7B92-4512-845A-DB7A5F527888}.Debug|Any CPU.Build.0 = Debug|Any CPU
		{4C26A9EB-7B92-4512-845A-DB7A5F527888}.Release|Any CPU.ActiveCfg = Release|Any CPU
		{4C26A9EB-7B92-4512-845A-DB7A5F527888}.Release|Any CPU.Build.0 = Release|Any CPU
		{3947e7b6-66c4-40dc-b2e6-b6d35058a8ad}.Debug|Any CPU.ActiveCfg = Debug|Any CPU
		{3947e7b6-66c4-40dc-b2e6-b6d35058a8ad}.Debug|Any CPU.Build.0 = Debug|Any CPU
		{3947e7b6-66c4-40dc-b2e6-b6d35058a8ad}.Release|Any CPU.ActiveCfg = Release|Any CPU
		{3947e7b6-66c4-40dc-b2e6-b6d35058a8ad}.Release|Any CPU.Build.0 = Release|Any CPU
		{90a231bb-c987-4bcd-ba0f-8723ec1bc930}.Debug|Any CPU.ActiveCfg = Debug|Any CPU
		{90a231bb-c987-4bcd-ba0f-8723ec1bc930}.Debug|Any CPU.Build.0 = Debug|Any CPU
		{90a231bb-c987-4bcd-ba0f-8723ec1bc930}.Release|Any CPU.ActiveCfg = Release|Any CPU
		{90a231bb-c987-4bcd-ba0f-8723ec1bc930}.Release|Any CPU.Build.0 = Release|Any CPU
		{6be12a92-3f4a-4e97-86ab-798e7d30ceb8}.Debug|Any CPU.ActiveCfg = Debug|Any CPU
		{6be12a92-3f4a-4e97-86ab-798e7d30ceb8}.Debug|Any CPU.Build.0 = Debug|Any CPU
		{6be12a92-3f4a-4e97-86ab-798e7d30ceb8}.Release|Any CPU.ActiveCfg = Release|Any CPU
		{6be12a92-3f4a-4e97-86ab-798e7d30ceb8}.Release|Any CPU.Build.0 = Release|Any CPU
	EndGlobalSection
	GlobalSection(SolutionProperties) = preSolution
		HideSolutionNode = FALSE
	EndGlobalSection
EndGlobal
