
Microsoft Visual Studio Solution File, Format Version 12.00
# Visual Studio Express 2012 for Windows Desktop
Project("{8f164753-7319-4a35-952d-2ebfa8eb62d4}") = "LED7C", "LED7C\LED7C.csproj", "{8b17a35a-ffbd-4c28-9877-93f58713c71a}"
EndProject
Project("{8f164753-7319-4a35-952d-2ebfa8eb62d4}") = "LED7C_43", "LED7C_43\LED7C_43.csproj", "{fab1bd73-f366-4b77-9f35-9ac6b435ba48}"
EndProject
Project("{8f164753-7319-4a35-952d-2ebfa8eb62d4}") = "LED7C_Tester", "LED7C_Tester\LED7C_Tester.csproj", "{90671833-55f7-408f-aba4-674a1e65686d}"
EndProject
Global
	GlobalSection(SolutionConfigurationPlatforms) = preSolution
		Debug|Any CPU = Debug|Any CPU
		Release|Any CPU = Release|Any CPU
	EndGlobalSection
	GlobalSection(ProjectConfigurationPlatforms) = postSolution
		{8b17a35a-ffbd-4c28-9877-93f58713c71a}.Debug|Any CPU.ActiveCfg = Debug|Any CPU
		{8b17a35a-ffbd-4c28-9877-93f58713c71a}.Debug|Any CPU.Build.0 = Debug|Any CPU
		{8b17a35a-ffbd-4c28-9877-93f58713c71a}.Release|Any CPU.ActiveCfg = Release|Any CPU
		{8b17a35a-ffbd-4c28-9877-93f58713c71a}.Release|Any CPU.Build.0 = Release|Any CPU
		{fab1bd73-f366-4b77-9f35-9ac6b435ba48}.Debug|Any CPU.ActiveCfg = Debug|Any CPU
		{fab1bd73-f366-4b77-9f35-9ac6b435ba48}.Debug|Any CPU.Build.0 = Debug|Any CPU
		{fab1bd73-f366-4b77-9f35-9ac6b435ba48}.Release|Any CPU.ActiveCfg = Release|Any CPU
		{fab1bd73-f366-4b77-9f35-9ac6b435ba48}.Release|Any CPU.Build.0 = Release|Any CPU
		{90671833-55f7-408f-aba4-674a1e65686d}.Debug|Any CPU.ActiveCfg = Debug|Any CPU
		{90671833-55f7-408f-aba4-674a1e65686d}.Debug|Any CPU.Build.0 = Debug|Any CPU
		{90671833-55f7-408f-aba4-674a1e65686d}.Release|Any CPU.ActiveCfg = Release|Any CPU
		{90671833-55f7-408f-aba4-674a1e65686d}.Release|Any CPU.Build.0 = Release|Any CPU
	EndGlobalSection
	GlobalSection(SolutionProperties) = preSolution
		HideSolutionNode = FALSE
	EndGlobalSection
EndGlobal
