
Microsoft Visual Studio Solution File, Format Version 12.00
# Visual Studio Express 2012 for Windows Desktop
Project("{FAE04EC0-301F-11D3-BF4B-00C04F79EFBC}") = "LED7C", "LED7C\LED7C.csproj", "{8B17A35A-FFBD-4C28-9877-93F58713C71A}"
EndProject
Project("{FAE04EC0-301F-11D3-BF4B-00C04F79EFBC}") = "LED7C_42", "LED7C_42\LED7C_42.csproj", "{1FAE6052-C2FF-4F4C-9BEA-0A8C7F109ACF}"
EndProject
Project("{FAE04EC0-301F-11D3-BF4B-00C04F79EFBC}") = "LED7C_43", "LED7C_43\LED7C_43.csproj", "{FAB1BD73-F366-4B77-9F35-9AC6B435BA48}"
EndProject
Project("{FAE04EC0-301F-11D3-BF4B-00C04F79EFBC}") = "LED7C_Tester", "LED7C_Tester\LED7C_Tester.csproj", "{90671833-55F7-408F-ABA4-674A1E65686D}"
EndProject
Global
	GlobalSection(SolutionConfigurationPlatforms) = preSolution
		Debug|Any CPU = Debug|Any CPU
		Release|Any CPU = Release|Any CPU
	EndGlobalSection
	GlobalSection(ProjectConfigurationPlatforms) = postSolution
		{8B17A35A-FFBD-4C28-9877-93F58713C71A}.Debug|Any CPU.ActiveCfg = Debug|Any CPU
		{8B17A35A-FFBD-4C28-9877-93F58713C71A}.Debug|Any CPU.Build.0 = Debug|Any CPU
		{8B17A35A-FFBD-4C28-9877-93F58713C71A}.Release|Any CPU.ActiveCfg = Release|Any CPU
		{8B17A35A-FFBD-4C28-9877-93F58713C71A}.Release|Any CPU.Build.0 = Release|Any CPU
		{1FAE6052-C2FF-4F4C-9BEA-0A8C7F109ACF}.Debug|Any CPU.ActiveCfg = Debug|Any CPU
		{1FAE6052-C2FF-4F4C-9BEA-0A8C7F109ACF}.Debug|Any CPU.Build.0 = Debug|Any CPU
		{1FAE6052-C2FF-4F4C-9BEA-0A8C7F109ACF}.Release|Any CPU.ActiveCfg = Release|Any CPU
		{1FAE6052-C2FF-4F4C-9BEA-0A8C7F109ACF}.Release|Any CPU.Build.0 = Release|Any CPU
		{FAB1BD73-F366-4B77-9F35-9AC6B435BA48}.Debug|Any CPU.ActiveCfg = Debug|Any CPU
		{FAB1BD73-F366-4B77-9F35-9AC6B435BA48}.Debug|Any CPU.Build.0 = Debug|Any CPU
		{FAB1BD73-F366-4B77-9F35-9AC6B435BA48}.Release|Any CPU.ActiveCfg = Release|Any CPU
		{FAB1BD73-F366-4B77-9F35-9AC6B435BA48}.Release|Any CPU.Build.0 = Release|Any CPU
		{90671833-55F7-408F-ABA4-674A1E65686D}.Debug|Any CPU.ActiveCfg = Debug|Any CPU
		{90671833-55F7-408F-ABA4-674A1E65686D}.Debug|Any CPU.Build.0 = Debug|Any CPU
		{90671833-55F7-408F-ABA4-674A1E65686D}.Debug|Any CPU.Deploy.0 = Debug|Any CPU
		{90671833-55F7-408F-ABA4-674A1E65686D}.Release|Any CPU.ActiveCfg = Release|Any CPU
		{90671833-55F7-408F-ABA4-674A1E65686D}.Release|Any CPU.Build.0 = Release|Any CPU
		{90671833-55F7-408F-ABA4-674A1E65686D}.Release|Any CPU.Deploy.0 = Release|Any CPU
	EndGlobalSection
	GlobalSection(SolutionProperties) = preSolution
		HideSolutionNode = FALSE
	EndGlobalSection
EndGlobal
