
Microsoft Visual Studio Solution File, Format Version 12.00
# Visual Studio Express 2012 for Windows Desktop
Project("{34d0bec2-a624-4f1d-b323-f436b596d891}") = "Thermocouple", "Thermocouple\Thermocouple.csproj", "{3bbefacd-d171-4aa0-b6c5-70ee0e334116}"
EndProject
Project("{34d0bec2-a624-4f1d-b323-f436b596d891}") = "Thermocouple_42", "Thermocouple_42\Thermocouple_42.csproj", "{8A014F63-880F-45AB-8D07-5D383188012F}"
EndProject
Project("{34d0bec2-a624-4f1d-b323-f436b596d891}") = "Thermocouple_43", "Thermocouple_43\Thermocouple_43.csproj", "{6e5ebe29-7020-4197-9d3c-ccabd199e358}"
EndProject
Project("{34d0bec2-a624-4f1d-b323-f436b596d891}") = "Thermocouple_Tester", "Thermocouple_Tester\Thermocouple_Tester.csproj", "{5bc8a7de-0f53-4a94-a579-92315a132de3}"
EndProject
Global
	GlobalSection(SolutionConfigurationPlatforms) = preSolution
		Debug|Any CPU = Debug|Any CPU
		Release|Any CPU = Release|Any CPU
	EndGlobalSection
	GlobalSection(ProjectConfigurationPlatforms) = postSolution
		{8A014F63-880F-45AB-8D07-5D383188012F}.Debug|Any CPU.ActiveCfg = Debug|Any CPU
		{8A014F63-880F-45AB-8D07-5D383188012F}.Debug|Any CPU.Build.0 = Debug|Any CPU
		{8A014F63-880F-45AB-8D07-5D383188012F}.Release|Any CPU.ActiveCfg = Release|Any CPU
		{8A014F63-880F-45AB-8D07-5D383188012F}.Release|Any CPU.Build.0 = Release|Any CPU
		{3bbefacd-d171-4aa0-b6c5-70ee0e334116}.Debug|Any CPU.ActiveCfg = Debug|Any CPU
		{3bbefacd-d171-4aa0-b6c5-70ee0e334116}.Debug|Any CPU.Build.0 = Debug|Any CPU
		{3bbefacd-d171-4aa0-b6c5-70ee0e334116}.Release|Any CPU.ActiveCfg = Release|Any CPU
		{3bbefacd-d171-4aa0-b6c5-70ee0e334116}.Release|Any CPU.Build.0 = Release|Any CPU
		{6e5ebe29-7020-4197-9d3c-ccabd199e358}.Debug|Any CPU.ActiveCfg = Debug|Any CPU
		{6e5ebe29-7020-4197-9d3c-ccabd199e358}.Debug|Any CPU.Build.0 = Debug|Any CPU
		{6e5ebe29-7020-4197-9d3c-ccabd199e358}.Release|Any CPU.ActiveCfg = Release|Any CPU
		{6e5ebe29-7020-4197-9d3c-ccabd199e358}.Release|Any CPU.Build.0 = Release|Any CPU
		{5bc8a7de-0f53-4a94-a579-92315a132de3}.Debug|Any CPU.ActiveCfg = Debug|Any CPU
		{5bc8a7de-0f53-4a94-a579-92315a132de3}.Debug|Any CPU.Build.0 = Debug|Any CPU
		{5bc8a7de-0f53-4a94-a579-92315a132de3}.Release|Any CPU.ActiveCfg = Release|Any CPU
		{5bc8a7de-0f53-4a94-a579-92315a132de3}.Release|Any CPU.Build.0 = Release|Any CPU
	EndGlobalSection
	GlobalSection(SolutionProperties) = preSolution
		HideSolutionNode = FALSE
	EndGlobalSection
EndGlobal
